// !$*UTF8*$!
{
	archiveVersion = 1;
	classes = {
	};
	objectVersion = 55;
	objects = {

/* Begin PBXBuildFile section */
		A2BC681528AD3F29003EFC28 /* AppDelegate.swift in Sources */ = {isa = PBXBuildFile; fileRef = A2BC681428AD3F29003EFC28 /* AppDelegate.swift */; };
		A2BC681728AD3F29003EFC28 /* SceneDelegate.swift in Sources */ = {isa = PBXBuildFile; fileRef = A2BC681628AD3F29003EFC28 /* SceneDelegate.swift */; };
		A2BC681928AD3F29003EFC28 /* ViewController.swift in Sources */ = {isa = PBXBuildFile; fileRef = A2BC681828AD3F29003EFC28 /* ViewController.swift */; };
		A2BC681C28AD3F29003EFC28 /* Main.storyboard in Resources */ = {isa = PBXBuildFile; fileRef = A2BC681A28AD3F29003EFC28 /* Main.storyboard */; };
		A2BC681F28AD3F29003EFC28 /* AlzuraTestCase.xcdatamodeld in Sources */ = {isa = PBXBuildFile; fileRef = A2BC681D28AD3F29003EFC28 /* AlzuraTestCase.xcdatamodeld */; };
		A2BC682128AD3F2D003EFC28 /* Assets.xcassets in Resources */ = {isa = PBXBuildFile; fileRef = A2BC682028AD3F2D003EFC28 /* Assets.xcassets */; };
		A2BC682428AD3F2D003EFC28 /* LaunchScreen.storyboard in Resources */ = {isa = PBXBuildFile; fileRef = A2BC682228AD3F2D003EFC28 /* LaunchScreen.storyboard */; };
/* End PBXBuildFile section */

/* Begin PBXFileReference section */
		A2BC681128AD3F29003EFC28 /* AlzuraTestCase.app */ = {isa = PBXFileReference; explicitFileType = wrapper.application; includeInIndex = 0; path = AlzuraTestCase.app; sourceTree = BUILT_PRODUCTS_DIR; };
		A2BC681428AD3F29003EFC28 /* AppDelegate.swift */ = {isa = PBXFileReference; lastKnownFileType = sourcecode.swift; path = AppDelegate.swift; sourceTree = "<group>"; };
		A2BC681628AD3F29003EFC28 /* SceneDelegate.swift */ = {isa = PBXFileReference; lastKnownFileType = sourcecode.swift; path = SceneDelegate.swift; sourceTree = "<group>"; };
		A2BC681828AD3F29003EFC28 /* ViewController.swift */ = {isa = PBXFileReference; lastKnownFileType = sourcecode.swift; path = ViewController.swift; sourceTree = "<group>"; };
		A2BC681B28AD3F29003EFC28 /* Base */ = {isa = PBXFileReference; lastKnownFileType = file.storyboard; name = Base; path = Base.lproj/Main.storyboard; sourceTree = "<group>"; };
		A2BC681E28AD3F29003EFC28 /* AlzuraTestCase.xcdatamodel */ = {isa = PBXFileReference; lastKnownFileType = wrapper.xcdatamodel; path = AlzuraTestCase.xcdatamodel; sourceTree = "<group>"; };
		A2BC682028AD3F2D003EFC28 /* Assets.xcassets */ = {isa = PBXFileReference; lastKnownFileType = folder.assetcatalog; path = Assets.xcassets; sourceTree = "<group>"; };
		A2BC682328AD3F2D003EFC28 /* Base */ = {isa = PBXFileReference; lastKnownFileType = file.storyboard; name = Base; path = Base.lproj/LaunchScreen.storyboard; sourceTree = "<group>"; };
		A2BC682528AD3F2D003EFC28 /* Info.plist */ = {isa = PBXFileReference; lastKnownFileType = text.plist.xml; path = Info.plist; sourceTree = "<group>"; };
/* End PBXFileReference section */

/* Begin PBXFrameworksBuildPhase section */
		A2BC680E28AD3F28003EFC28 /* Frameworks */ = {
			isa = PBXFrameworksBuildPhase;
			buildActionMask = 2147483647;
			files = (
			);
			runOnlyForDeploymentPostprocessing = 0;
		};
/* End PBXFrameworksBuildPhase section */

/* Begin PBXGroup section */
		A2BC680828AD3F28003EFC28 = {
			isa = PBXGroup;
			children = (
				A2BC681328AD3F29003EFC28 /* AlzuraTestCase */,
				A2BC681228AD3F29003EFC28 /* Products */,
			);
			sourceTree = "<group>";
		};
		A2BC681228AD3F29003EFC28 /* Products */ = {
			isa = PBXGroup;
			children = (
				A2BC681128AD3F29003EFC28 /* AlzuraTestCase.app */,
			);
			name = Products;
			sourceTree = "<group>";
		};
		A2BC681328AD3F29003EFC28 /* AlzuraTestCase */ = {
			isa = PBXGroup;
			children = (
				A2BC682E28AD4082003EFC28 /* Application */,
				A2BC682D28AD4009003EFC28 /* Resources */,
				A2BC682C28AD4000003EFC28 /* API */,
				A2BC682B28AD3FEE003EFC28 /* AuthenticationScene */,
				A2BC681828AD3F29003EFC28 /* ViewController.swift */,
				A2BC681A28AD3F29003EFC28 /* Main.storyboard */,
				A2BC681D28AD3F29003EFC28 /* AlzuraTestCase.xcdatamodeld */,
			);
			path = AlzuraTestCase;
			sourceTree = "<group>";
		};
		A2BC682B28AD3FEE003EFC28 /* AuthenticationScene */ = {
			isa = PBXGroup;
			children = (
			);
			path = AuthenticationScene;
			sourceTree = "<group>";
		};
		A2BC682C28AD4000003EFC28 /* API */ = {
			isa = PBXGroup;
			children = (
				A2BC683028AD4163003EFC28 /* Services */,
				A2BC682F28AD415D003EFC28 /* Models */,
			);
			path = API;
			sourceTree = "<group>";
		};
		A2BC682D28AD4009003EFC28 /* Resources */ = {
			isa = PBXGroup;
			children = (
				A2BC682028AD3F2D003EFC28 /* Assets.xcassets */,
				A2BC682228AD3F2D003EFC28 /* LaunchScreen.storyboard */,
				A2BC682528AD3F2D003EFC28 /* Info.plist */,
			);
			path = Resources;
			sourceTree = "<group>";
		};
		A2BC682E28AD4082003EFC28 /* Application */ = {
			isa = PBXGroup;
			children = (
				A2BC681428AD3F29003EFC28 /* AppDelegate.swift */,
				A2BC681628AD3F29003EFC28 /* SceneDelegate.swift */,
			);
			path = Application;
			sourceTree = "<group>";
		};
		A2BC682F28AD415D003EFC28 /* Models */ = {
			isa = PBXGroup;
			children = (
			);
			path = Models;
			sourceTree = "<group>";
		};
		A2BC683028AD4163003EFC28 /* Services */ = {
			isa = PBXGroup;
			children = (
			);
			path = Services;
			sourceTree = "<group>";
		};
/* End PBXGroup section */

/* Begin PBXNativeTarget section */
		A2BC681028AD3F28003EFC28 /* AlzuraTestCase */ = {
			isa = PBXNativeTarget;
			buildConfigurationList = A2BC682828AD3F2D003EFC28 /* Build configuration list for PBXNativeTarget "AlzuraTestCase" */;
			buildPhases = (
				A2BC680D28AD3F28003EFC28 /* Sources */,
				A2BC680E28AD3F28003EFC28 /* Frameworks */,
				A2BC680F28AD3F28003EFC28 /* Resources */,
			);
			buildRules = (
			);
			dependencies = (
			);
			name = AlzuraTestCase;
			productName = AlzuraTestCase;
			productReference = A2BC681128AD3F29003EFC28 /* AlzuraTestCase.app */;
			productType = "com.apple.product-type.application";
		};
/* End PBXNativeTarget section */

/* Begin PBXProject section */
		A2BC680928AD3F28003EFC28 /* Project object */ = {
			isa = PBXProject;
			attributes = {
				BuildIndependentTargetsInParallel = 1;
				LastSwiftUpdateCheck = 1340;
				LastUpgradeCheck = 1340;
				TargetAttributes = {
					A2BC681028AD3F28003EFC28 = {
						CreatedOnToolsVersion = 13.4.1;
					};
				};
			};
			buildConfigurationList = A2BC680C28AD3F28003EFC28 /* Build configuration list for PBXProject "AlzuraTestCase" */;
			compatibilityVersion = "Xcode 13.0";
			developmentRegion = en;
			hasScannedForEncodings = 0;
			knownRegions = (
				en,
				Base,
			);
			mainGroup = A2BC680828AD3F28003EFC28;
			productRefGroup = A2BC681228AD3F29003EFC28 /* Products */;
			projectDirPath = "";
			projectRoot = "";
			targets = (
				A2BC681028AD3F28003EFC28 /* AlzuraTestCase */,
			);
		};
/* End PBXProject section */

/* Begin PBXResourcesBuildPhase section */
		A2BC680F28AD3F28003EFC28 /* Resources */ = {
			isa = PBXResourcesBuildPhase;
			buildActionMask = 2147483647;
			files = (
				A2BC682428AD3F2D003EFC28 /* LaunchScreen.storyboard in Resources */,
				A2BC682128AD3F2D003EFC28 /* Assets.xcassets in Resources */,
				A2BC681C28AD3F29003EFC28 /* Main.storyboard in Resources */,
			);
			runOnlyForDeploymentPostprocessing = 0;
		};
/* End PBXResourcesBuildPhase section */

/* Begin PBXSourcesBuildPhase section */
		A2BC680D28AD3F28003EFC28 /* Sources */ = {
			isa = PBXSourcesBuildPhase;
			buildActionMask = 2147483647;
			files = (
				A2BC681928AD3F29003EFC28 /* ViewController.swift in Sources */,
				A2BC681528AD3F29003EFC28 /* AppDelegate.swift in Sources */,
				A2BC681F28AD3F29003EFC28 /* AlzuraTestCase.xcdatamodeld in Sources */,
				A2BC681728AD3F29003EFC28 /* SceneDelegate.swift in Sources */,
			);
			runOnlyForDeploymentPostprocessing = 0;
		};
/* End PBXSourcesBuildPhase section */

/* Begin PBXVariantGroup section */
		A2BC681A28AD3F29003EFC28 /* Main.storyboard */ = {
			isa = PBXVariantGroup;
			children = (
				A2BC681B28AD3F29003EFC28 /* Base */,
			);
			name = Main.storyboard;
			sourceTree = "<group>";
		};
		A2BC682228AD3F2D003EFC28 /* LaunchScreen.storyboard */ = {
			isa = PBXVariantGroup;
			children = (
				A2BC682328AD3F2D003EFC28 /* Base */,
			);
			name = LaunchScreen.storyboard;
			sourceTree = "<group>";
		};
/* End PBXVariantGroup section */

/* Begin XCBuildConfiguration section */
		A2BC682628AD3F2D003EFC28 /* Debug */ = {
			isa = XCBuildConfiguration;
			buildSettings = {
				ALWAYS_SEARCH_USER_PATHS = NO;
				CLANG_ANALYZER_NONNULL = YES;
				CLANG_ANALYZER_NUMBER_OBJECT_CONVERSION = YES_AGGRESSIVE;
				CLANG_CXX_LANGUAGE_STANDARD = "gnu++17";
				CLANG_ENABLE_MODULES = YES;
				CLANG_ENABLE_OBJC_ARC = YES;
				CLANG_ENABLE_OBJC_WEAK = YES;
				CLANG_WARN_BLOCK_CAPTURE_AUTORELEASING = YES;
				CLANG_WARN_BOOL_CONVERSION = YES;
				CLANG_WARN_COMMA = YES;
				CLANG_WARN_CONSTANT_CONVERSION = YES;
				CLANG_WARN_DEPRECATED_OBJC_IMPLEMENTATIONS = YES;
				CLANG_WARN_DIRECT_OBJC_ISA_USAGE = YES_ERROR;
				CLANG_WARN_DOCUMENTATION_COMMENTS = YES;
				CLANG_WARN_EMPTY_BODY = YES;
				CLANG_WARN_ENUM_CONVERSION = YES;
				CLANG_WARN_INFINITE_RECURSION = YES;
				CLANG_WARN_INT_CONVERSION = YES;
				CLANG_WARN_NON_LITERAL_NULL_CONVERSION = YES;
				CLANG_WARN_OBJC_IMPLICIT_RETAIN_SELF = YES;
				CLANG_WARN_OBJC_LITERAL_CONVERSION = YES;
				CLANG_WARN_OBJC_ROOT_CLASS = YES_ERROR;
				CLANG_WARN_QUOTED_INCLUDE_IN_FRAMEWORK_HEADER = YES;
				CLANG_WARN_RANGE_LOOP_ANALYSIS = YES;
				CLANG_WARN_STRICT_PROTOTYPES = YES;
				CLANG_WARN_SUSPICIOUS_MOVE = YES;
				CLANG_WARN_UNGUARDED_AVAILABILITY = YES_AGGRESSIVE;
				CLANG_WARN_UNREACHABLE_CODE = YES;
				CLANG_WARN__DUPLICATE_METHOD_MATCH = YES;
				COPY_PHASE_STRIP = NO;
				DEBUG_INFORMATION_FORMAT = dwarf;
				ENABLE_STRICT_OBJC_MSGSEND = YES;
				ENABLE_TESTABILITY = YES;
				GCC_C_LANGUAGE_STANDARD = gnu11;
				GCC_DYNAMIC_NO_PIC = NO;
				GCC_NO_COMMON_BLOCKS = YES;
				GCC_OPTIMIZATION_LEVEL = 0;
				GCC_PREPROCESSOR_DEFINITIONS = (
					"DEBUG=1",
					"$(inherited)",
				);
				GCC_WARN_64_TO_32_BIT_CONVERSION = YES;
				GCC_WARN_ABOUT_RETURN_TYPE = YES_ERROR;
				GCC_WARN_UNDECLARED_SELECTOR = YES;
				GCC_WARN_UNINITIALIZED_AUTOS = YES_AGGRESSIVE;
				GCC_WARN_UNUSED_FUNCTION = YES;
				GCC_WARN_UNUSED_VARIABLE = YES;
				IPHONEOS_DEPLOYMENT_TARGET = 13.0;
				MTL_ENABLE_DEBUG_INFO = INCLUDE_SOURCE;
				MTL_FAST_MATH = YES;
				ONLY_ACTIVE_ARCH = YES;
				SDKROOT = iphoneos;
				SWIFT_ACTIVE_COMPILATION_CONDITIONS = DEBUG;
				SWIFT_OPTIMIZATION_LEVEL = "-Onone";
			};
			name = Debug;
		};
		A2BC682728AD3F2D003EFC28 /* Release */ = {
			isa = XCBuildConfiguration;
			buildSettings = {
				ALWAYS_SEARCH_USER_PATHS = NO;
				CLANG_ANALYZER_NONNULL = YES;
				CLANG_ANALYZER_NUMBER_OBJECT_CONVERSION = YES_AGGRESSIVE;
				CLANG_CXX_LANGUAGE_STANDARD = "gnu++17";
				CLANG_ENABLE_MODULES = YES;
				CLANG_ENABLE_OBJC_ARC = YES;
				CLANG_ENABLE_OBJC_WEAK = YES;
				CLANG_WARN_BLOCK_CAPTURE_AUTORELEASING = YES;
				CLANG_WARN_BOOL_CONVERSION = YES;
				CLANG_WARN_COMMA = YES;
				CLANG_WARN_CONSTANT_CONVERSION = YES;
				CLANG_WARN_DEPRECATED_OBJC_IMPLEMENTATIONS = YES;
				CLANG_WARN_DIRECT_OBJC_ISA_USAGE = YES_ERROR;
				CLANG_WARN_DOCUMENTATION_COMMENTS = YES;
				CLANG_WARN_EMPTY_BODY = YES;
				CLANG_WARN_ENUM_CONVERSION = YES;
				CLANG_WARN_INFINITE_RECURSION = YES;
				CLANG_WARN_INT_CONVERSION = YES;
				CLANG_WARN_NON_LITERAL_NULL_CONVERSION = YES;
				CLANG_WARN_OBJC_IMPLICIT_RETAIN_SELF = YES;
				CLANG_WARN_OBJC_LITERAL_CONVERSION = YES;
				CLANG_WARN_OBJC_ROOT_CLASS = YES_ERROR;
				CLANG_WARN_QUOTED_INCLUDE_IN_FRAMEWORK_HEADER = YES;
				CLANG_WARN_RANGE_LOOP_ANALYSIS = YES;
				CLANG_WARN_STRICT_PROTOTYPES = YES;
				CLANG_WARN_SUSPICIOUS_MOVE = YES;
				CLANG_WARN_UNGUARDED_AVAILABILITY = YES_AGGRESSIVE;
				CLANG_WARN_UNREACHABLE_CODE = YES;
				CLANG_WARN__DUPLICATE_METHOD_MATCH = YES;
				COPY_PHASE_STRIP = NO;
				DEBUG_INFORMATION_FORMAT = "dwarf-with-dsym";
				ENABLE_NS_ASSERTIONS = NO;
				ENABLE_STRICT_OBJC_MSGSEND = YES;
				GCC_C_LANGUAGE_STANDARD = gnu11;
				GCC_NO_COMMON_BLOCKS = YES;
				GCC_WARN_64_TO_32_BIT_CONVERSION = YES;
				GCC_WARN_ABOUT_RETURN_TYPE = YES_ERROR;
				GCC_WARN_UNDECLARED_SELECTOR = YES;
				GCC_WARN_UNINITIALIZED_AUTOS = YES_AGGRESSIVE;
				GCC_WARN_UNUSED_FUNCTION = YES;
				GCC_WARN_UNUSED_VARIABLE = YES;
				IPHONEOS_DEPLOYMENT_TARGET = 13.0;
				MTL_ENABLE_DEBUG_INFO = NO;
				MTL_FAST_MATH = YES;
				SDKROOT = iphoneos;
				SWIFT_COMPILATION_MODE = wholemodule;
				SWIFT_OPTIMIZATION_LEVEL = "-O";
				VALIDATE_PRODUCT = YES;
			};
			name = Release;
		};
		A2BC682928AD3F2D003EFC28 /* Debug */ = {
			isa = XCBuildConfiguration;
			buildSettings = {
				ASSETCATALOG_COMPILER_APPICON_NAME = AppIcon;
				ASSETCATALOG_COMPILER_GLOBAL_ACCENT_COLOR_NAME = AccentColor;
				CODE_SIGN_STYLE = Automatic;
				CURRENT_PROJECT_VERSION = 1;
				DEVELOPMENT_TEAM = 4CV999C7WN;
				GENERATE_INFOPLIST_FILE = YES;
				INFOPLIST_FILE = AlzuraTestCase/Resources/Info.plist;
				INFOPLIST_KEY_UIApplicationSupportsIndirectInputEvents = YES;
				INFOPLIST_KEY_UILaunchStoryboardName = LaunchScreen;
				INFOPLIST_KEY_UIMainStoryboardFile = Main;
				INFOPLIST_KEY_UISupportedInterfaceOrientations_iPad = "UIInterfaceOrientationPortrait UIInterfaceOrientationPortraitUpsideDown UIInterfaceOrientationLandscapeLeft UIInterfaceOrientationLandscapeRight";
				INFOPLIST_KEY_UISupportedInterfaceOrientations_iPhone = "UIInterfaceOrientationPortrait UIInterfaceOrientationLandscapeLeft UIInterfaceOrientationLandscapeRight";
				IPHONEOS_DEPLOYMENT_TARGET = 13.0;
				LD_RUNPATH_SEARCH_PATHS = (
					"$(inherited)",
					"@executable_path/Frameworks",
				);
				MARKETING_VERSION = 1.0;
				PRODUCT_BUNDLE_IDENTIFIER = IK.AlzuraTestCase;
				PRODUCT_NAME = "$(TARGET_NAME)";
				SWIFT_EMIT_LOC_STRINGS = YES;
				SWIFT_VERSION = 5.0;
				TARGETED_DEVICE_FAMILY = "1,2";
			};
			name = Debug;
		};
		A2BC682A28AD3F2D003EFC28 /* Release */ = {
			isa = XCBuildConfiguration;
			buildSettings = {
				ASSETCATALOG_COMPILER_APPICON_NAME = AppIcon;
				ASSETCATALOG_COMPILER_GLOBAL_ACCENT_COLOR_NAME = AccentColor;
				CODE_SIGN_STYLE = Automatic;
				CURRENT_PROJECT_VERSION = 1;
				DEVELOPMENT_TEAM = 4CV999C7WN;
				GENERATE_INFOPLIST_FILE = YES;
				INFOPLIST_FILE = AlzuraTestCase/Resources/Info.plist;
				INFOPLIST_KEY_UIApplicationSupportsIndirectInputEvents = YES;
				INFOPLIST_KEY_UILaunchStoryboardName = LaunchScreen;
				INFOPLIST_KEY_UIMainStoryboardFile = Main;
				INFOPLIST_KEY_UISupportedInterfaceOrientations_iPad = "UIInterfaceOrientationPortrait UIInterfaceOrientationPortraitUpsideDown UIInterfaceOrientationLandscapeLeft UIInterfaceOrientationLandscapeRight";
				INFOPLIST_KEY_UISupportedInterfaceOrientations_iPhone = "UIInterfaceOrientationPortrait UIInterfaceOrientationLandscapeLeft UIInterfaceOrientationLandscapeRight";
				IPHONEOS_DEPLOYMENT_TARGET = 13.0;
				LD_RUNPATH_SEARCH_PATHS = (
					"$(inherited)",
					"@executable_path/Frameworks",
				);
				MARKETING_VERSION = 1.0;
				PRODUCT_BUNDLE_IDENTIFIER = IK.AlzuraTestCase;
				PRODUCT_NAME = "$(TARGET_NAME)";
				SWIFT_EMIT_LOC_STRINGS = YES;
				SWIFT_VERSION = 5.0;
				TARGETED_DEVICE_FAMILY = "1,2";
			};
			name = Release;
		};
/* End XCBuildConfiguration section */

/* Begin XCConfigurationList section */
		A2BC680C28AD3F28003EFC28 /* Build configuration list for PBXProject "AlzuraTestCase" */ = {
			isa = XCConfigurationList;
			buildConfigurations = (
				A2BC682628AD3F2D003EFC28 /* Debug */,
				A2BC682728AD3F2D003EFC28 /* Release */,
			);
			defaultConfigurationIsVisible = 0;
			defaultConfigurationName = Release;
		};
		A2BC682828AD3F2D003EFC28 /* Build configuration list for PBXNativeTarget "AlzuraTestCase" */ = {
			isa = XCConfigurationList;
			buildConfigurations = (
				A2BC682928AD3F2D003EFC28 /* Debug */,
				A2BC682A28AD3F2D003EFC28 /* Release */,
			);
			defaultConfigurationIsVisible = 0;
			defaultConfigurationName = Release;
		};
/* End XCConfigurationList section */

/* Begin XCVersionGroup section */
		A2BC681D28AD3F29003EFC28 /* AlzuraTestCase.xcdatamodeld */ = {
			isa = XCVersionGroup;
			children = (
				A2BC681E28AD3F29003EFC28 /* AlzuraTestCase.xcdatamodel */,
			);
			currentVersion = A2BC681E28AD3F29003EFC28 /* AlzuraTestCase.xcdatamodel */;
			path = AlzuraTestCase.xcdatamodeld;
			sourceTree = "<group>";
			versionGroupType = wrapper.xcdatamodel;
		};
/* End XCVersionGroup section */
	};
	rootObject = A2BC680928AD3F28003EFC28 /* Project object */;
}
