// !$*UTF8*$!
{
	archiveVersion = 1;
	classes = {
	};
	objectVersion = 55;
	objects = {

/* Begin PBXBuildFile section */
		A22DD4CC28AFC043004F2E7A /* KeychainManager.swift in Sources */ = {isa = PBXBuildFile; fileRef = A22DD4CB28AFC043004F2E7A /* KeychainManager.swift */; };
		A22DD4CE28AFC56E004F2E7A /* UiButton+UIView+UIImageExtensions.swift in Sources */ = {isa = PBXBuildFile; fileRef = A22DD4CD28AFC56E004F2E7A /* UiButton+UIView+UIImageExtensions.swift */; };
		A230B4DC28B01B9200E6ABFD /* ValidationManager.swift in Sources */ = {isa = PBXBuildFile; fileRef = A230B4DB28B01B9200E6ABFD /* ValidationManager.swift */; };
		A230B4E028B0532600E6ABFD /* EncodableExtension.swift in Sources */ = {isa = PBXBuildFile; fileRef = A230B4DF28B0532600E6ABFD /* EncodableExtension.swift */; };
		A230B4E328B062F300E6ABFD /* AlertManager.swift in Sources */ = {isa = PBXBuildFile; fileRef = A230B4E228B062F300E6ABFD /* AlertManager.swift */; };
		A230B4E628B06B3A00E6ABFD /* AppStyleNavigationController.swift in Sources */ = {isa = PBXBuildFile; fileRef = A230B4E528B06B3A00E6ABFD /* AppStyleNavigationController.swift */; };
		A2996CFF28B13C53004DFBB6 /* SignInResponse.swift in Sources */ = {isa = PBXBuildFile; fileRef = A2996CFE28B13C52004DFBB6 /* SignInResponse.swift */; };
		A2996D0128B14DFB004DFBB6 /* OrdersResponse.swift in Sources */ = {isa = PBXBuildFile; fileRef = A2996D0028B14DFB004DFBB6 /* OrdersResponse.swift */; };
		A2996D0328B15556004DFBB6 /* SegueHelper.swift in Sources */ = {isa = PBXBuildFile; fileRef = A2996D0228B15556004DFBB6 /* SegueHelper.swift */; };
		A2996D0628B16797004DFBB6 /* OrderModel.swift in Sources */ = {isa = PBXBuildFile; fileRef = A2996D0528B16797004DFBB6 /* OrderModel.swift */; };
		A2996D0828B167E0004DFBB6 /* OrdersArrayExtension.swift in Sources */ = {isa = PBXBuildFile; fileRef = A2996D0728B167E0004DFBB6 /* OrdersArrayExtension.swift */; };
		A2996D0A28B168BF004DFBB6 /* String+DateExtensions.swift in Sources */ = {isa = PBXBuildFile; fileRef = A2996D0928B168BF004DFBB6 /* String+DateExtensions.swift */; };
		A2996D0C28B18640004DFBB6 /* OrdersListSettings.swift in Sources */ = {isa = PBXBuildFile; fileRef = A2996D0B28B18640004DFBB6 /* OrdersListSettings.swift */; };
		A2A38A8E28AEBCB000E38958 /* OrderTableViewCell.swift in Sources */ = {isa = PBXBuildFile; fileRef = A2A38A8C28AEBCB000E38958 /* OrderTableViewCell.swift */; };
		A2A38A8F28AEBCB000E38958 /* OrderTableViewCell.xib in Resources */ = {isa = PBXBuildFile; fileRef = A2A38A8D28AEBCB000E38958 /* OrderTableViewCell.xib */; };
		A2A38A9328AF067400E38958 /* AuthenticationManager.swift in Sources */ = {isa = PBXBuildFile; fileRef = A2A38A9228AF067400E38958 /* AuthenticationManager.swift */; };
		A2A38A9628AF118700E38958 /* AppSettings.swift in Sources */ = {isa = PBXBuildFile; fileRef = A2A38A9528AF118700E38958 /* AppSettings.swift */; };
		A2A38A9928AF11CD00E38958 /* User.swift in Sources */ = {isa = PBXBuildFile; fileRef = A2A38A9828AF11CD00E38958 /* User.swift */; };
		A2BC681528AD3F29003EFC28 /* AppDelegate.swift in Sources */ = {isa = PBXBuildFile; fileRef = A2BC681428AD3F29003EFC28 /* AppDelegate.swift */; };
		A2BC681728AD3F29003EFC28 /* SceneDelegate.swift in Sources */ = {isa = PBXBuildFile; fileRef = A2BC681628AD3F29003EFC28 /* SceneDelegate.swift */; };
		A2BC681928AD3F29003EFC28 /* AuthenticationVC.swift in Sources */ = {isa = PBXBuildFile; fileRef = A2BC681828AD3F29003EFC28 /* AuthenticationVC.swift */; };
		A2BC681C28AD3F29003EFC28 /* Main.storyboard in Resources */ = {isa = PBXBuildFile; fileRef = A2BC681A28AD3F29003EFC28 /* Main.storyboard */; };
		A2BC681F28AD3F29003EFC28 /* AlzuraTestCase.xcdatamodeld in Sources */ = {isa = PBXBuildFile; fileRef = A2BC681D28AD3F29003EFC28 /* AlzuraTestCase.xcdatamodeld */; };
		A2BC682128AD3F2D003EFC28 /* Assets.xcassets in Resources */ = {isa = PBXBuildFile; fileRef = A2BC682028AD3F2D003EFC28 /* Assets.xcassets */; };
		A2BC682428AD3F2D003EFC28 /* LaunchScreen.storyboard in Resources */ = {isa = PBXBuildFile; fileRef = A2BC682228AD3F2D003EFC28 /* LaunchScreen.storyboard */; };
		A2BC683228AD516B003EFC28 /* AlzuraAPIManager.swift in Sources */ = {isa = PBXBuildFile; fileRef = A2BC683128AD516B003EFC28 /* AlzuraAPIManager.swift */; };
		A2BC683528AD544D003EFC28 /* Alzura+UIColors.swift in Sources */ = {isa = PBXBuildFile; fileRef = A2BC683428AD544D003EFC28 /* Alzura+UIColors.swift */; };
		A2BC683828AD5558003EFC28 /* OrdersListVC.swift in Sources */ = {isa = PBXBuildFile; fileRef = A2BC683728AD5558003EFC28 /* OrdersListVC.swift */; };
		A2BC683C28AD5928003EFC28 /* ASStyleHeaderView.swift in Sources */ = {isa = PBXBuildFile; fileRef = A2BC683B28AD5928003EFC28 /* ASStyleHeaderView.swift */; };
		C7B43A4163187AFE722318E4 /* Pods_AlzuraTestCase.framework in Frameworks */ = {isa = PBXBuildFile; fileRef = D1926B29887FC4A2FF3BEB57 /* Pods_AlzuraTestCase.framework */; };
/* End PBXBuildFile section */

/* Begin PBXFileReference section */
		5504D7FBA783B15FB71FA959 /* Pods-AlzuraTestCase.debug.xcconfig */ = {isa = PBXFileReference; includeInIndex = 1; lastKnownFileType = text.xcconfig; name = "Pods-AlzuraTestCase.debug.xcconfig"; path = "Target Support Files/Pods-AlzuraTestCase/Pods-AlzuraTestCase.debug.xcconfig"; sourceTree = "<group>"; };
		A22DD4CB28AFC043004F2E7A /* KeychainManager.swift */ = {isa = PBXFileReference; lastKnownFileType = sourcecode.swift; path = KeychainManager.swift; sourceTree = "<group>"; };
		A22DD4CD28AFC56E004F2E7A /* UiButton+UIView+UIImageExtensions.swift */ = {isa = PBXFileReference; lastKnownFileType = sourcecode.swift; path = "UiButton+UIView+UIImageExtensions.swift"; sourceTree = "<group>"; };
		A230B4DB28B01B9200E6ABFD /* ValidationManager.swift */ = {isa = PBXFileReference; lastKnownFileType = sourcecode.swift; path = ValidationManager.swift; sourceTree = "<group>"; };
		A230B4DF28B0532600E6ABFD /* EncodableExtension.swift */ = {isa = PBXFileReference; lastKnownFileType = sourcecode.swift; path = EncodableExtension.swift; sourceTree = "<group>"; };
		A230B4E228B062F300E6ABFD /* AlertManager.swift */ = {isa = PBXFileReference; lastKnownFileType = sourcecode.swift; path = AlertManager.swift; sourceTree = "<group>"; };
		A230B4E528B06B3A00E6ABFD /* AppStyleNavigationController.swift */ = {isa = PBXFileReference; lastKnownFileType = sourcecode.swift; path = AppStyleNavigationController.swift; sourceTree = "<group>"; };
		A2996CFE28B13C52004DFBB6 /* SignInResponse.swift */ = {isa = PBXFileReference; lastKnownFileType = sourcecode.swift; path = SignInResponse.swift; sourceTree = "<group>"; };
		A2996D0028B14DFB004DFBB6 /* OrdersResponse.swift */ = {isa = PBXFileReference; lastKnownFileType = sourcecode.swift; path = OrdersResponse.swift; sourceTree = "<group>"; };
		A2996D0228B15556004DFBB6 /* SegueHelper.swift */ = {isa = PBXFileReference; lastKnownFileType = sourcecode.swift; path = SegueHelper.swift; sourceTree = "<group>"; };
		A2996D0528B16797004DFBB6 /* OrderModel.swift */ = {isa = PBXFileReference; lastKnownFileType = sourcecode.swift; path = OrderModel.swift; sourceTree = "<group>"; };
		A2996D0728B167E0004DFBB6 /* OrdersArrayExtension.swift */ = {isa = PBXFileReference; lastKnownFileType = sourcecode.swift; path = OrdersArrayExtension.swift; sourceTree = "<group>"; };
		A2996D0928B168BF004DFBB6 /* String+DateExtensions.swift */ = {isa = PBXFileReference; lastKnownFileType = sourcecode.swift; path = "String+DateExtensions.swift"; sourceTree = "<group>"; };
		A2996D0B28B18640004DFBB6 /* OrdersListSettings.swift */ = {isa = PBXFileReference; lastKnownFileType = sourcecode.swift; path = OrdersListSettings.swift; sourceTree = "<group>"; };
		A2A38A8C28AEBCB000E38958 /* OrderTableViewCell.swift */ = {isa = PBXFileReference; lastKnownFileType = sourcecode.swift; path = OrderTableViewCell.swift; sourceTree = "<group>"; };
		A2A38A8D28AEBCB000E38958 /* OrderTableViewCell.xib */ = {isa = PBXFileReference; lastKnownFileType = file.xib; path = OrderTableViewCell.xib; sourceTree = "<group>"; };
		A2A38A9228AF067400E38958 /* AuthenticationManager.swift */ = {isa = PBXFileReference; lastKnownFileType = sourcecode.swift; path = AuthenticationManager.swift; sourceTree = "<group>"; };
		A2A38A9528AF118700E38958 /* AppSettings.swift */ = {isa = PBXFileReference; lastKnownFileType = sourcecode.swift; path = AppSettings.swift; sourceTree = "<group>"; };
		A2A38A9828AF11CD00E38958 /* User.swift */ = {isa = PBXFileReference; lastKnownFileType = sourcecode.swift; path = User.swift; sourceTree = "<group>"; };
		A2BC681128AD3F29003EFC28 /* AlzuraTestCase.app */ = {isa = PBXFileReference; explicitFileType = wrapper.application; includeInIndex = 0; path = AlzuraTestCase.app; sourceTree = BUILT_PRODUCTS_DIR; };
		A2BC681428AD3F29003EFC28 /* AppDelegate.swift */ = {isa = PBXFileReference; lastKnownFileType = sourcecode.swift; path = AppDelegate.swift; sourceTree = "<group>"; };
		A2BC681628AD3F29003EFC28 /* SceneDelegate.swift */ = {isa = PBXFileReference; lastKnownFileType = sourcecode.swift; path = SceneDelegate.swift; sourceTree = "<group>"; };
		A2BC681828AD3F29003EFC28 /* AuthenticationVC.swift */ = {isa = PBXFileReference; lastKnownFileType = sourcecode.swift; path = AuthenticationVC.swift; sourceTree = "<group>"; };
		A2BC681B28AD3F29003EFC28 /* Base */ = {isa = PBXFileReference; lastKnownFileType = file.storyboard; name = Base; path = Base.lproj/Main.storyboard; sourceTree = "<group>"; };
		A2BC681E28AD3F29003EFC28 /* AlzuraTestCase.xcdatamodel */ = {isa = PBXFileReference; lastKnownFileType = wrapper.xcdatamodel; path = AlzuraTestCase.xcdatamodel; sourceTree = "<group>"; };
		A2BC682028AD3F2D003EFC28 /* Assets.xcassets */ = {isa = PBXFileReference; lastKnownFileType = folder.assetcatalog; path = Assets.xcassets; sourceTree = "<group>"; };
		A2BC682328AD3F2D003EFC28 /* Base */ = {isa = PBXFileReference; lastKnownFileType = file.storyboard; name = Base; path = Base.lproj/LaunchScreen.storyboard; sourceTree = "<group>"; };
		A2BC682528AD3F2D003EFC28 /* Info.plist */ = {isa = PBXFileReference; lastKnownFileType = text.plist.xml; path = Info.plist; sourceTree = "<group>"; };
		A2BC683128AD516B003EFC28 /* AlzuraAPIManager.swift */ = {isa = PBXFileReference; lastKnownFileType = sourcecode.swift; path = AlzuraAPIManager.swift; sourceTree = "<group>"; };
		A2BC683428AD544D003EFC28 /* Alzura+UIColors.swift */ = {isa = PBXFileReference; lastKnownFileType = sourcecode.swift; path = "Alzura+UIColors.swift"; sourceTree = "<group>"; };
		A2BC683728AD5558003EFC28 /* OrdersListVC.swift */ = {isa = PBXFileReference; lastKnownFileType = sourcecode.swift; path = OrdersListVC.swift; sourceTree = "<group>"; };
		A2BC683B28AD5928003EFC28 /* ASStyleHeaderView.swift */ = {isa = PBXFileReference; lastKnownFileType = sourcecode.swift; path = ASStyleHeaderView.swift; sourceTree = "<group>"; };
		B79E7FA839D66BDD99D3BA6A /* Pods-AlzuraTestCase.release.xcconfig */ = {isa = PBXFileReference; includeInIndex = 1; lastKnownFileType = text.xcconfig; name = "Pods-AlzuraTestCase.release.xcconfig"; path = "Target Support Files/Pods-AlzuraTestCase/Pods-AlzuraTestCase.release.xcconfig"; sourceTree = "<group>"; };
		D1926B29887FC4A2FF3BEB57 /* Pods_AlzuraTestCase.framework */ = {isa = PBXFileReference; explicitFileType = wrapper.framework; includeInIndex = 0; path = Pods_AlzuraTestCase.framework; sourceTree = BUILT_PRODUCTS_DIR; };
/* End PBXFileReference section */

/* Begin PBXFrameworksBuildPhase section */
		A2BC680E28AD3F28003EFC28 /* Frameworks */ = {
			isa = PBXFrameworksBuildPhase;
			buildActionMask = 2147483647;
			files = (
				C7B43A4163187AFE722318E4 /* Pods_AlzuraTestCase.framework in Frameworks */,
			);
			runOnlyForDeploymentPostprocessing = 0;
		};
/* End PBXFrameworksBuildPhase section */

/* Begin PBXGroup section */
		4306215033A239E70647C6C0 /* Frameworks */ = {
			isa = PBXGroup;
			children = (
				D1926B29887FC4A2FF3BEB57 /* Pods_AlzuraTestCase.framework */,
			);
			name = Frameworks;
			sourceTree = "<group>";
		};
		5C0E97C76702FB1DDD01D8FB /* Pods */ = {
			isa = PBXGroup;
			children = (
				5504D7FBA783B15FB71FA959 /* Pods-AlzuraTestCase.debug.xcconfig */,
				B79E7FA839D66BDD99D3BA6A /* Pods-AlzuraTestCase.release.xcconfig */,
			);
			path = Pods;
			sourceTree = "<group>";
		};
		A230B4DD28B052FF00E6ABFD /* Networking */ = {
			isa = PBXGroup;
			children = (
				A230B4DE28B0531200E6ABFD /* NetworkingExtensions */,
				A2BC682C28AD4000003EFC28 /* API */,
			);
			path = Networking;
			sourceTree = "<group>";
		};
		A230B4DE28B0531200E6ABFD /* NetworkingExtensions */ = {
			isa = PBXGroup;
			children = (
				A230B4DF28B0532600E6ABFD /* EncodableExtension.swift */,
			);
			path = NetworkingExtensions;
			sourceTree = "<group>";
		};
		A230B4E128B062DF00E6ABFD /* Helpers */ = {
			isa = PBXGroup;
			children = (
				A230B4E228B062F300E6ABFD /* AlertManager.swift */,
				A2996D0228B15556004DFBB6 /* SegueHelper.swift */,
			);
			path = Helpers;
			sourceTree = "<group>";
		};
		A230B4E428B06AED00E6ABFD /* NavigationControllers */ = {
			isa = PBXGroup;
			children = (
				A230B4E528B06B3A00E6ABFD /* AppStyleNavigationController.swift */,
			);
			path = NavigationControllers;
			sourceTree = "<group>";
		};
		A2996D0428B16785004DFBB6 /* Models */ = {
			isa = PBXGroup;
			children = (
				A2996D0528B16797004DFBB6 /* OrderModel.swift */,
				A2996D0728B167E0004DFBB6 /* OrdersArrayExtension.swift */,
			);
			path = Models;
			sourceTree = "<group>";
		};
		A2A38A9028AEBCBC00E38958 /* OrderTableViewCell */ = {
			isa = PBXGroup;
			children = (
				A2A38A8C28AEBCB000E38958 /* OrderTableViewCell.swift */,
				A2A38A8D28AEBCB000E38958 /* OrderTableViewCell.xib */,
			);
			path = OrderTableViewCell;
			sourceTree = "<group>";
		};
		A2A38A9128AF065200E38958 /* AuthenticationServices */ = {
			isa = PBXGroup;
			children = (
				A2A38A9728AF11BC00E38958 /* Models */,
				A2A38A9428AF102700E38958 /* KeychainServices */,
				A2A38A9228AF067400E38958 /* AuthenticationManager.swift */,
				A230B4DB28B01B9200E6ABFD /* ValidationManager.swift */,
			);
			path = AuthenticationServices;
			sourceTree = "<group>";
		};
		A2A38A9428AF102700E38958 /* KeychainServices */ = {
			isa = PBXGroup;
			children = (
				A22DD4CB28AFC043004F2E7A /* KeychainManager.swift */,
			);
			path = KeychainServices;
			sourceTree = "<group>";
		};
		A2A38A9728AF11BC00E38958 /* Models */ = {
			isa = PBXGroup;
			children = (
				A2A38A9828AF11CD00E38958 /* User.swift */,
			);
			path = Models;
			sourceTree = "<group>";
		};
		A2BC680828AD3F28003EFC28 = {
			isa = PBXGroup;
			children = (
				A2BC681328AD3F29003EFC28 /* AlzuraTestCase */,
				A2BC681228AD3F29003EFC28 /* Products */,
				5C0E97C76702FB1DDD01D8FB /* Pods */,
				4306215033A239E70647C6C0 /* Frameworks */,
			);
			sourceTree = "<group>";
		};
		A2BC681228AD3F29003EFC28 /* Products */ = {
			isa = PBXGroup;
			children = (
				A2BC681128AD3F29003EFC28 /* AlzuraTestCase.app */,
			);
			name = Products;
			sourceTree = "<group>";
		};
		A2BC681328AD3F29003EFC28 /* AlzuraTestCase */ = {
			isa = PBXGroup;
			children = (
				A230B4E428B06AED00E6ABFD /* NavigationControllers */,
				A230B4DD28B052FF00E6ABFD /* Networking */,
				A2A38A9128AF065200E38958 /* AuthenticationServices */,
				A2BC683628AD553C003EFC28 /* OrdersListScene */,
				A2BC682E28AD4082003EFC28 /* Application */,
				A2BC682D28AD4009003EFC28 /* Resources */,
				A2BC682B28AD3FEE003EFC28 /* AuthenticationScene */,
				A2BC681A28AD3F29003EFC28 /* Main.storyboard */,
				A2BC681D28AD3F29003EFC28 /* AlzuraTestCase.xcdatamodeld */,
			);
			path = AlzuraTestCase;
			sourceTree = "<group>";
		};
		A2BC682B28AD3FEE003EFC28 /* AuthenticationScene */ = {
			isa = PBXGroup;
			children = (
				A2BC681828AD3F29003EFC28 /* AuthenticationVC.swift */,
			);
			path = AuthenticationScene;
			sourceTree = "<group>";
		};
		A2BC682C28AD4000003EFC28 /* API */ = {
			isa = PBXGroup;
			children = (
				A2BC683028AD4163003EFC28 /* Services */,
				A2BC682F28AD415D003EFC28 /* Models */,
			);
			path = API;
			sourceTree = "<group>";
		};
		A2BC682D28AD4009003EFC28 /* Resources */ = {
			isa = PBXGroup;
			children = (
				A230B4E128B062DF00E6ABFD /* Helpers */,
				A2BC683A28AD58F5003EFC28 /* CustomViews */,
				A2BC683328AD5439003EFC28 /* Extensions */,
				A2BC682028AD3F2D003EFC28 /* Assets.xcassets */,
				A2BC682228AD3F2D003EFC28 /* LaunchScreen.storyboard */,
				A2BC682528AD3F2D003EFC28 /* Info.plist */,
			);
			path = Resources;
			sourceTree = "<group>";
		};
		A2BC682E28AD4082003EFC28 /* Application */ = {
			isa = PBXGroup;
			children = (
				A2BC681428AD3F29003EFC28 /* AppDelegate.swift */,
				A2BC681628AD3F29003EFC28 /* SceneDelegate.swift */,
				A2A38A9528AF118700E38958 /* AppSettings.swift */,
			);
			path = Application;
			sourceTree = "<group>";
		};
		A2BC682F28AD415D003EFC28 /* Models */ = {
			isa = PBXGroup;
			children = (
				A2996CFE28B13C52004DFBB6 /* SignInResponse.swift */,
				A2996D0028B14DFB004DFBB6 /* OrdersResponse.swift */,
			);
			path = Models;
			sourceTree = "<group>";
		};
		A2BC683028AD4163003EFC28 /* Services */ = {
			isa = PBXGroup;
			children = (
				A2BC683128AD516B003EFC28 /* AlzuraAPIManager.swift */,
			);
			path = Services;
			sourceTree = "<group>";
		};
		A2BC683328AD5439003EFC28 /* Extensions */ = {
			isa = PBXGroup;
			children = (
				A2BC683428AD544D003EFC28 /* Alzura+UIColors.swift */,
				A22DD4CD28AFC56E004F2E7A /* UiButton+UIView+UIImageExtensions.swift */,
				A2996D0928B168BF004DFBB6 /* String+DateExtensions.swift */,
			);
			path = Extensions;
			sourceTree = "<group>";
		};
		A2BC683628AD553C003EFC28 /* OrdersListScene */ = {
			isa = PBXGroup;
			children = (
				A2996D0428B16785004DFBB6 /* Models */,
				A2BC683928AD5897003EFC28 /* TableView */,
				A2BC683728AD5558003EFC28 /* OrdersListVC.swift */,
			);
			path = OrdersListScene;
			sourceTree = "<group>";
		};
		A2BC683928AD5897003EFC28 /* TableView */ = {
			isa = PBXGroup;
			children = (
				A2A38A9028AEBCBC00E38958 /* OrderTableViewCell */,
				A2996D0B28B18640004DFBB6 /* OrdersListSettings.swift */,
			);
			path = TableView;
			sourceTree = "<group>";
		};
		A2BC683A28AD58F5003EFC28 /* CustomViews */ = {
			isa = PBXGroup;
			children = (
				A2BC683B28AD5928003EFC28 /* ASStyleHeaderView.swift */,
			);
			path = CustomViews;
			sourceTree = "<group>";
		};
/* End PBXGroup section */

/* Begin PBXNativeTarget section */
		A2BC681028AD3F28003EFC28 /* AlzuraTestCase */ = {
			isa = PBXNativeTarget;
			buildConfigurationList = A2BC682828AD3F2D003EFC28 /* Build configuration list for PBXNativeTarget "AlzuraTestCase" */;
			buildPhases = (
				0FC2453AC15532969C80E2FB /* [CP] Check Pods Manifest.lock */,
				A2BC680D28AD3F28003EFC28 /* Sources */,
				A2BC680E28AD3F28003EFC28 /* Frameworks */,
				A2BC680F28AD3F28003EFC28 /* Resources */,
				E44875D30365915BA4DA0EDA /* [CP] Embed Pods Frameworks */,
			);
			buildRules = (
			);
			dependencies = (
			);
			name = AlzuraTestCase;
			productName = AlzuraTestCase;
			productReference = A2BC681128AD3F29003EFC28 /* AlzuraTestCase.app */;
			productType = "com.apple.product-type.application";
		};
/* End PBXNativeTarget section */

/* Begin PBXProject section */
		A2BC680928AD3F28003EFC28 /* Project object */ = {
			isa = PBXProject;
			attributes = {
				BuildIndependentTargetsInParallel = 1;
				LastSwiftUpdateCheck = 1340;
				LastUpgradeCheck = 1340;
				TargetAttributes = {
					A2BC681028AD3F28003EFC28 = {
						CreatedOnToolsVersion = 13.4.1;
					};
				};
			};
			buildConfigurationList = A2BC680C28AD3F28003EFC28 /* Build configuration list for PBXProject "AlzuraTestCase" */;
			compatibilityVersion = "Xcode 13.0";
			developmentRegion = en;
			hasScannedForEncodings = 0;
			knownRegions = (
				en,
				Base,
			);
			mainGroup = A2BC680828AD3F28003EFC28;
			productRefGroup = A2BC681228AD3F29003EFC28 /* Products */;
			projectDirPath = "";
			projectRoot = "";
			targets = (
				A2BC681028AD3F28003EFC28 /* AlzuraTestCase */,
			);
		};
/* End PBXProject section */

/* Begin PBXResourcesBuildPhase section */
		A2BC680F28AD3F28003EFC28 /* Resources */ = {
			isa = PBXResourcesBuildPhase;
			buildActionMask = 2147483647;
			files = (
				A2BC682428AD3F2D003EFC28 /* LaunchScreen.storyboard in Resources */,
				A2BC682128AD3F2D003EFC28 /* Assets.xcassets in Resources */,
				A2A38A8F28AEBCB000E38958 /* OrderTableViewCell.xib in Resources */,
				A2BC681C28AD3F29003EFC28 /* Main.storyboard in Resources */,
			);
			runOnlyForDeploymentPostprocessing = 0;
		};
/* End PBXResourcesBuildPhase section */

/* Begin PBXShellScriptBuildPhase section */
		0FC2453AC15532969C80E2FB /* [CP] Check Pods Manifest.lock */ = {
			isa = PBXShellScriptBuildPhase;
			buildActionMask = 2147483647;
			files = (
			);
			inputFileListPaths = (
			);
			inputPaths = (
				"${PODS_PODFILE_DIR_PATH}/Podfile.lock",
				"${PODS_ROOT}/Manifest.lock",
			);
			name = "[CP] Check Pods Manifest.lock";
			outputFileListPaths = (
			);
			outputPaths = (
				"$(DERIVED_FILE_DIR)/Pods-AlzuraTestCase-checkManifestLockResult.txt",
			);
			runOnlyForDeploymentPostprocessing = 0;
			shellPath = /bin/sh;
			shellScript = "diff \"${PODS_PODFILE_DIR_PATH}/Podfile.lock\" \"${PODS_ROOT}/Manifest.lock\" > /dev/null\nif [ $? != 0 ] ; then\n    # print error to STDERR\n    echo \"error: The sandbox is not in sync with the Podfile.lock. Run 'pod install' or update your CocoaPods installation.\" >&2\n    exit 1\nfi\n# This output is used by Xcode 'outputs' to avoid re-running this script phase.\necho \"SUCCESS\" > \"${SCRIPT_OUTPUT_FILE_0}\"\n";
			showEnvVarsInLog = 0;
		};
		E44875D30365915BA4DA0EDA /* [CP] Embed Pods Frameworks */ = {
			isa = PBXShellScriptBuildPhase;
			buildActionMask = 2147483647;
			files = (
			);
			inputFileListPaths = (
				"${PODS_ROOT}/Target Support Files/Pods-AlzuraTestCase/Pods-AlzuraTestCase-frameworks-${CONFIGURATION}-input-files.xcfilelist",
			);
			name = "[CP] Embed Pods Frameworks";
			outputFileListPaths = (
				"${PODS_ROOT}/Target Support Files/Pods-AlzuraTestCase/Pods-AlzuraTestCase-frameworks-${CONFIGURATION}-output-files.xcfilelist",
			);
			runOnlyForDeploymentPostprocessing = 0;
			shellPath = /bin/sh;
			shellScript = "\"${PODS_ROOT}/Target Support Files/Pods-AlzuraTestCase/Pods-AlzuraTestCase-frameworks.sh\"\n";
			showEnvVarsInLog = 0;
		};
/* End PBXShellScriptBuildPhase section */

/* Begin PBXSourcesBuildPhase section */
		A2BC680D28AD3F28003EFC28 /* Sources */ = {
			isa = PBXSourcesBuildPhase;
			buildActionMask = 2147483647;
			files = (
				A230B4DC28B01B9200E6ABFD /* ValidationManager.swift in Sources */,
				A230B4E328B062F300E6ABFD /* AlertManager.swift in Sources */,
				A2996CFF28B13C53004DFBB6 /* SignInResponse.swift in Sources */,
				A22DD4CC28AFC043004F2E7A /* KeychainManager.swift in Sources */,
				A2BC683228AD516B003EFC28 /* AlzuraAPIManager.swift in Sources */,
				A22DD4CE28AFC56E004F2E7A /* UiButton+UIView+UIImageExtensions.swift in Sources */,
				A2BC681928AD3F29003EFC28 /* AuthenticationVC.swift in Sources */,
				A230B4E628B06B3A00E6ABFD /* AppStyleNavigationController.swift in Sources */,
				A2BC681528AD3F29003EFC28 /* AppDelegate.swift in Sources */,
				A2A38A9328AF067400E38958 /* AuthenticationManager.swift in Sources */,
				A2BC681F28AD3F29003EFC28 /* AlzuraTestCase.xcdatamodeld in Sources */,
				A2BC683828AD5558003EFC28 /* OrdersListVC.swift in Sources */,
				A2996D0328B15556004DFBB6 /* SegueHelper.swift in Sources */,
				A2BC683528AD544D003EFC28 /* Alzura+UIColors.swift in Sources */,
				A2996D0A28B168BF004DFBB6 /* String+DateExtensions.swift in Sources */,
				A2996D0828B167E0004DFBB6 /* OrdersArrayExtension.swift in Sources */,
				A2A38A9628AF118700E38958 /* AppSettings.swift in Sources */,
				A2A38A9928AF11CD00E38958 /* User.swift in Sources */,
				A2996D0C28B18640004DFBB6 /* OrdersListSettings.swift in Sources */,
				A2A38A8E28AEBCB000E38958 /* OrderTableViewCell.swift in Sources */,
				A230B4E028B0532600E6ABFD /* EncodableExtension.swift in Sources */,
				A2996D0128B14DFB004DFBB6 /* OrdersResponse.swift in Sources */,
				A2BC681728AD3F29003EFC28 /* SceneDelegate.swift in Sources */,
				A2996D0628B16797004DFBB6 /* OrderModel.swift in Sources */,
				A2BC683C28AD5928003EFC28 /* ASStyleHeaderView.swift in Sources */,
			);
			runOnlyForDeploymentPostprocessing = 0;
		};
/* End PBXSourcesBuildPhase section */

/* Begin PBXVariantGroup section */
		A2BC681A28AD3F29003EFC28 /* Main.storyboard */ = {
			isa = PBXVariantGroup;
			children = (
				A2BC681B28AD3F29003EFC28 /* Base */,
			);
			name = Main.storyboard;
			sourceTree = "<group>";
		};
		A2BC682228AD3F2D003EFC28 /* LaunchScreen.storyboard */ = {
			isa = PBXVariantGroup;
			children = (
				A2BC682328AD3F2D003EFC28 /* Base */,
			);
			name = LaunchScreen.storyboard;
			sourceTree = "<group>";
		};
/* End PBXVariantGroup section */

/* Begin XCBuildConfiguration section */
		A2BC682628AD3F2D003EFC28 /* Debug */ = {
			isa = XCBuildConfiguration;
			buildSettings = {
				ALWAYS_SEARCH_USER_PATHS = NO;
				CLANG_ANALYZER_NONNULL = YES;
				CLANG_ANALYZER_NUMBER_OBJECT_CONVERSION = YES_AGGRESSIVE;
				CLANG_CXX_LANGUAGE_STANDARD = "gnu++17";
				CLANG_ENABLE_MODULES = YES;
				CLANG_ENABLE_OBJC_ARC = YES;
				CLANG_ENABLE_OBJC_WEAK = YES;
				CLANG_WARN_BLOCK_CAPTURE_AUTORELEASING = YES;
				CLANG_WARN_BOOL_CONVERSION = YES;
				CLANG_WARN_COMMA = YES;
				CLANG_WARN_CONSTANT_CONVERSION = YES;
				CLANG_WARN_DEPRECATED_OBJC_IMPLEMENTATIONS = YES;
				CLANG_WARN_DIRECT_OBJC_ISA_USAGE = YES_ERROR;
				CLANG_WARN_DOCUMENTATION_COMMENTS = YES;
				CLANG_WARN_EMPTY_BODY = YES;
				CLANG_WARN_ENUM_CONVERSION = YES;
				CLANG_WARN_INFINITE_RECURSION = YES;
				CLANG_WARN_INT_CONVERSION = YES;
				CLANG_WARN_NON_LITERAL_NULL_CONVERSION = YES;
				CLANG_WARN_OBJC_IMPLICIT_RETAIN_SELF = YES;
				CLANG_WARN_OBJC_LITERAL_CONVERSION = YES;
				CLANG_WARN_OBJC_ROOT_CLASS = YES_ERROR;
				CLANG_WARN_QUOTED_INCLUDE_IN_FRAMEWORK_HEADER = YES;
				CLANG_WARN_RANGE_LOOP_ANALYSIS = YES;
				CLANG_WARN_STRICT_PROTOTYPES = YES;
				CLANG_WARN_SUSPICIOUS_MOVE = YES;
				CLANG_WARN_UNGUARDED_AVAILABILITY = YES_AGGRESSIVE;
				CLANG_WARN_UNREACHABLE_CODE = YES;
				CLANG_WARN__DUPLICATE_METHOD_MATCH = YES;
				COPY_PHASE_STRIP = NO;
				DEBUG_INFORMATION_FORMAT = dwarf;
				ENABLE_STRICT_OBJC_MSGSEND = YES;
				ENABLE_TESTABILITY = YES;
				GCC_C_LANGUAGE_STANDARD = gnu11;
				GCC_DYNAMIC_NO_PIC = NO;
				GCC_NO_COMMON_BLOCKS = YES;
				GCC_OPTIMIZATION_LEVEL = 0;
				GCC_PREPROCESSOR_DEFINITIONS = (
					"DEBUG=1",
					"$(inherited)",
				);
				GCC_WARN_64_TO_32_BIT_CONVERSION = YES;
				GCC_WARN_ABOUT_RETURN_TYPE = YES_ERROR;
				GCC_WARN_UNDECLARED_SELECTOR = YES;
				GCC_WARN_UNINITIALIZED_AUTOS = YES_AGGRESSIVE;
				GCC_WARN_UNUSED_FUNCTION = YES;
				GCC_WARN_UNUSED_VARIABLE = YES;
				IPHONEOS_DEPLOYMENT_TARGET = 13.0;
				MTL_ENABLE_DEBUG_INFO = INCLUDE_SOURCE;
				MTL_FAST_MATH = YES;
				ONLY_ACTIVE_ARCH = YES;
				SDKROOT = iphoneos;
				SWIFT_ACTIVE_COMPILATION_CONDITIONS = DEBUG;
				SWIFT_OPTIMIZATION_LEVEL = "-Onone";
			};
			name = Debug;
		};
		A2BC682728AD3F2D003EFC28 /* Release */ = {
			isa = XCBuildConfiguration;
			buildSettings = {
				ALWAYS_SEARCH_USER_PATHS = NO;
				CLANG_ANALYZER_NONNULL = YES;
				CLANG_ANALYZER_NUMBER_OBJECT_CONVERSION = YES_AGGRESSIVE;
				CLANG_CXX_LANGUAGE_STANDARD = "gnu++17";
				CLANG_ENABLE_MODULES = YES;
				CLANG_ENABLE_OBJC_ARC = YES;
				CLANG_ENABLE_OBJC_WEAK = YES;
				CLANG_WARN_BLOCK_CAPTURE_AUTORELEASING = YES;
				CLANG_WARN_BOOL_CONVERSION = YES;
				CLANG_WARN_COMMA = YES;
				CLANG_WARN_CONSTANT_CONVERSION = YES;
				CLANG_WARN_DEPRECATED_OBJC_IMPLEMENTATIONS = YES;
				CLANG_WARN_DIRECT_OBJC_ISA_USAGE = YES_ERROR;
				CLANG_WARN_DOCUMENTATION_COMMENTS = YES;
				CLANG_WARN_EMPTY_BODY = YES;
				CLANG_WARN_ENUM_CONVERSION = YES;
				CLANG_WARN_INFINITE_RECURSION = YES;
				CLANG_WARN_INT_CONVERSION = YES;
				CLANG_WARN_NON_LITERAL_NULL_CONVERSION = YES;
				CLANG_WARN_OBJC_IMPLICIT_RETAIN_SELF = YES;
				CLANG_WARN_OBJC_LITERAL_CONVERSION = YES;
				CLANG_WARN_OBJC_ROOT_CLASS = YES_ERROR;
				CLANG_WARN_QUOTED_INCLUDE_IN_FRAMEWORK_HEADER = YES;
				CLANG_WARN_RANGE_LOOP_ANALYSIS = YES;
				CLANG_WARN_STRICT_PROTOTYPES = YES;
				CLANG_WARN_SUSPICIOUS_MOVE = YES;
				CLANG_WARN_UNGUARDED_AVAILABILITY = YES_AGGRESSIVE;
				CLANG_WARN_UNREACHABLE_CODE = YES;
				CLANG_WARN__DUPLICATE_METHOD_MATCH = YES;
				COPY_PHASE_STRIP = NO;
				DEBUG_INFORMATION_FORMAT = "dwarf-with-dsym";
				ENABLE_NS_ASSERTIONS = NO;
				ENABLE_STRICT_OBJC_MSGSEND = YES;
				GCC_C_LANGUAGE_STANDARD = gnu11;
				GCC_NO_COMMON_BLOCKS = YES;
				GCC_WARN_64_TO_32_BIT_CONVERSION = YES;
				GCC_WARN_ABOUT_RETURN_TYPE = YES_ERROR;
				GCC_WARN_UNDECLARED_SELECTOR = YES;
				GCC_WARN_UNINITIALIZED_AUTOS = YES_AGGRESSIVE;
				GCC_WARN_UNUSED_FUNCTION = YES;
				GCC_WARN_UNUSED_VARIABLE = YES;
				IPHONEOS_DEPLOYMENT_TARGET = 13.0;
				MTL_ENABLE_DEBUG_INFO = NO;
				MTL_FAST_MATH = YES;
				SDKROOT = iphoneos;
				SWIFT_COMPILATION_MODE = wholemodule;
				SWIFT_OPTIMIZATION_LEVEL = "-O";
				VALIDATE_PRODUCT = YES;
			};
			name = Release;
		};
		A2BC682928AD3F2D003EFC28 /* Debug */ = {
			isa = XCBuildConfiguration;
			baseConfigurationReference = 5504D7FBA783B15FB71FA959 /* Pods-AlzuraTestCase.debug.xcconfig */;
			buildSettings = {
				ASSETCATALOG_COMPILER_APPICON_NAME = AppIcon;
				ASSETCATALOG_COMPILER_GLOBAL_ACCENT_COLOR_NAME = AccentColor;
				CODE_SIGN_STYLE = Automatic;
				CURRENT_PROJECT_VERSION = 1;
				DEVELOPMENT_TEAM = 4CV999C7WN;
				GENERATE_INFOPLIST_FILE = YES;
				INFOPLIST_FILE = AlzuraTestCase/Resources/Info.plist;
				INFOPLIST_KEY_UIApplicationSupportsIndirectInputEvents = YES;
				INFOPLIST_KEY_UILaunchStoryboardName = LaunchScreen;
				INFOPLIST_KEY_UIMainStoryboardFile = Main;
				INFOPLIST_KEY_UISupportedInterfaceOrientations_iPad = "UIInterfaceOrientationPortrait UIInterfaceOrientationPortraitUpsideDown UIInterfaceOrientationLandscapeLeft UIInterfaceOrientationLandscapeRight";
				INFOPLIST_KEY_UISupportedInterfaceOrientations_iPhone = "UIInterfaceOrientationPortrait UIInterfaceOrientationLandscapeLeft UIInterfaceOrientationLandscapeRight";
				IPHONEOS_DEPLOYMENT_TARGET = 13.0;
				LD_RUNPATH_SEARCH_PATHS = (
					"$(inherited)",
					"@executable_path/Frameworks",
				);
				MARKETING_VERSION = 1.0;
				PRODUCT_BUNDLE_IDENTIFIER = IK.AlzuraTestCase;
				PRODUCT_NAME = "$(TARGET_NAME)";
				SWIFT_EMIT_LOC_STRINGS = YES;
				SWIFT_VERSION = 5.0;
				TARGETED_DEVICE_FAMILY = "1,2";
			};
			name = Debug;
		};
		A2BC682A28AD3F2D003EFC28 /* Release */ = {
			isa = XCBuildConfiguration;
			baseConfigurationReference = B79E7FA839D66BDD99D3BA6A /* Pods-AlzuraTestCase.release.xcconfig */;
			buildSettings = {
				ASSETCATALOG_COMPILER_APPICON_NAME = AppIcon;
				ASSETCATALOG_COMPILER_GLOBAL_ACCENT_COLOR_NAME = AccentColor;
				CODE_SIGN_STYLE = Automatic;
				CURRENT_PROJECT_VERSION = 1;
				DEVELOPMENT_TEAM = 4CV999C7WN;
				GENERATE_INFOPLIST_FILE = YES;
				INFOPLIST_FILE = AlzuraTestCase/Resources/Info.plist;
				INFOPLIST_KEY_UIApplicationSupportsIndirectInputEvents = YES;
				INFOPLIST_KEY_UILaunchStoryboardName = LaunchScreen;
				INFOPLIST_KEY_UIMainStoryboardFile = Main;
				INFOPLIST_KEY_UISupportedInterfaceOrientations_iPad = "UIInterfaceOrientationPortrait UIInterfaceOrientationPortraitUpsideDown UIInterfaceOrientationLandscapeLeft UIInterfaceOrientationLandscapeRight";
				INFOPLIST_KEY_UISupportedInterfaceOrientations_iPhone = "UIInterfaceOrientationPortrait UIInterfaceOrientationLandscapeLeft UIInterfaceOrientationLandscapeRight";
				IPHONEOS_DEPLOYMENT_TARGET = 13.0;
				LD_RUNPATH_SEARCH_PATHS = (
					"$(inherited)",
					"@executable_path/Frameworks",
				);
				MARKETING_VERSION = 1.0;
				PRODUCT_BUNDLE_IDENTIFIER = IK.AlzuraTestCase;
				PRODUCT_NAME = "$(TARGET_NAME)";
				SWIFT_EMIT_LOC_STRINGS = YES;
				SWIFT_VERSION = 5.0;
				TARGETED_DEVICE_FAMILY = "1,2";
			};
			name = Release;
		};
/* End XCBuildConfiguration section */

/* Begin XCConfigurationList section */
		A2BC680C28AD3F28003EFC28 /* Build configuration list for PBXProject "AlzuraTestCase" */ = {
			isa = XCConfigurationList;
			buildConfigurations = (
				A2BC682628AD3F2D003EFC28 /* Debug */,
				A2BC682728AD3F2D003EFC28 /* Release */,
			);
			defaultConfigurationIsVisible = 0;
			defaultConfigurationName = Release;
		};
		A2BC682828AD3F2D003EFC28 /* Build configuration list for PBXNativeTarget "AlzuraTestCase" */ = {
			isa = XCConfigurationList;
			buildConfigurations = (
				A2BC682928AD3F2D003EFC28 /* Debug */,
				A2BC682A28AD3F2D003EFC28 /* Release */,
			);
			defaultConfigurationIsVisible = 0;
			defaultConfigurationName = Release;
		};
/* End XCConfigurationList section */

/* Begin XCVersionGroup section */
		A2BC681D28AD3F29003EFC28 /* AlzuraTestCase.xcdatamodeld */ = {
			isa = XCVersionGroup;
			children = (
				A2BC681E28AD3F29003EFC28 /* AlzuraTestCase.xcdatamodel */,
			);
			currentVersion = A2BC681E28AD3F29003EFC28 /* AlzuraTestCase.xcdatamodel */;
			path = AlzuraTestCase.xcdatamodeld;
			sourceTree = "<group>";
			versionGroupType = wrapper.xcdatamodel;
		};
/* End XCVersionGroup section */
	};
	rootObject = A2BC680928AD3F28003EFC28 /* Project object */;
}
