// !$*UTF8*$!
{
	archiveVersion = 1;
	classes = {
	};
	objectVersion = 55;
	objects = {

/* Begin PBXBuildFile section */
		0402DC039A4BC6AEE18314F0 /* Pods_AlzuraTestCase.framework in Frameworks */ = {isa = PBXBuildFile; fileRef = D2513E6F44A003FBF274E0CC /* Pods_AlzuraTestCase.framework */; };
		38209076ED11708C823C50B4 /* OrdersListModuleInteractorInput.swift in Sources */ = {isa = PBXBuildFile; fileRef = 46234791747E5FEE5794C8A5 /* OrdersListModuleInteractorInput.swift */; };
		57470F41F484ADBABDE84900 /* OrdersListModuleRouter.swift in Sources */ = {isa = PBXBuildFile; fileRef = 282DABCCC1CADB4F0A06628C /* OrdersListModuleRouter.swift */; };
		588703D89645B221A6CC0851 /* OrdersListModuleModuleInput.swift in Sources */ = {isa = PBXBuildFile; fileRef = 8583E0116C8F2CB6B34DD61D /* OrdersListModuleModuleInput.swift */; };
		5FCA6775CC1472F6A9363DE4 /* OrdersListModuleViewInput.swift in Sources */ = {isa = PBXBuildFile; fileRef = F1E904F7D417AB58E561837F /* OrdersListModuleViewInput.swift */; };
		6819953D372F05EC99D97DAB /* OrdersListModuleConfigurator.swift in Sources */ = {isa = PBXBuildFile; fileRef = 729003A0C4681754FDA8711F /* OrdersListModuleConfigurator.swift */; };
		6AB0F517EE3480EA48C29BE3 /* OrdersListModulePresenter.swift in Sources */ = {isa = PBXBuildFile; fileRef = 5DAC9E7718459755A6D786C0 /* OrdersListModulePresenter.swift */; };
		77972A4D524B99A84A206585 /* OrdersListModuleViewOutput.swift in Sources */ = {isa = PBXBuildFile; fileRef = F32148263C0AC4068102CAB1 /* OrdersListModuleViewOutput.swift */; };
		829BBEF022BA6A6D23EC22EB /* OrdersListModuleViewController.swift in Sources */ = {isa = PBXBuildFile; fileRef = 3E21B4156B37ED04121119C3 /* OrdersListModuleViewController.swift */; };
		A22DD4CC28AFC043004F2E7A /* KeychainManager.swift in Sources */ = {isa = PBXBuildFile; fileRef = A22DD4CB28AFC043004F2E7A /* KeychainManager.swift */; };
		A22DD4CE28AFC56E004F2E7A /* UiButton+UIView+UIImageExtensions.swift in Sources */ = {isa = PBXBuildFile; fileRef = A22DD4CD28AFC56E004F2E7A /* UiButton+UIView+UIImageExtensions.swift */; };
		A230B4DC28B01B9200E6ABFD /* ValidationManager.swift in Sources */ = {isa = PBXBuildFile; fileRef = A230B4DB28B01B9200E6ABFD /* ValidationManager.swift */; };
		A230B4E028B0532600E6ABFD /* EncodableExtension.swift in Sources */ = {isa = PBXBuildFile; fileRef = A230B4DF28B0532600E6ABFD /* EncodableExtension.swift */; };
		A230B4E328B062F300E6ABFD /* AlertManager.swift in Sources */ = {isa = PBXBuildFile; fileRef = A230B4E228B062F300E6ABFD /* AlertManager.swift */; };
		A230B4E628B06B3A00E6ABFD /* AppStyleNavigationController.swift in Sources */ = {isa = PBXBuildFile; fileRef = A230B4E528B06B3A00E6ABFD /* AppStyleNavigationController.swift */; };
		A293694529373F860018891F /* AlzuraApiUrl.swift in Sources */ = {isa = PBXBuildFile; fileRef = A293694429373F860018891F /* AlzuraApiUrl.swift */; };
		A2936947293740900018891F /* AlzuraApiRequest.swift in Sources */ = {isa = PBXBuildFile; fileRef = A2936946293740900018891F /* AlzuraApiRequest.swift */; };
		A293694A293745F70018891F /* Alamofire in Frameworks */ = {isa = PBXBuildFile; productRef = A2936949293745F70018891F /* Alamofire */; };
		A293694D29376AAA0018891F /* APIResponseCompletionHandlerError.swift in Sources */ = {isa = PBXBuildFile; fileRef = A293694C29376AAA0018891F /* APIResponseCompletionHandlerError.swift */; };
		A2996CFF28B13C53004DFBB6 /* SignInResponse.swift in Sources */ = {isa = PBXBuildFile; fileRef = A2996CFE28B13C52004DFBB6 /* SignInResponse.swift */; };
		A2996D0128B14DFB004DFBB6 /* OrdersResponse.swift in Sources */ = {isa = PBXBuildFile; fileRef = A2996D0028B14DFB004DFBB6 /* OrdersResponse.swift */; };
		A2996D0328B15556004DFBB6 /* SegueHelper.swift in Sources */ = {isa = PBXBuildFile; fileRef = A2996D0228B15556004DFBB6 /* SegueHelper.swift */; };
		A2996D0628B16797004DFBB6 /* OrderModel.swift in Sources */ = {isa = PBXBuildFile; fileRef = A2996D0528B16797004DFBB6 /* OrderModel.swift */; };
		A2996D0828B167E0004DFBB6 /* OrdersArrayExtension.swift in Sources */ = {isa = PBXBuildFile; fileRef = A2996D0728B167E0004DFBB6 /* OrdersArrayExtension.swift */; };
		A2996D0A28B168BF004DFBB6 /* String+DateExtensions.swift in Sources */ = {isa = PBXBuildFile; fileRef = A2996D0928B168BF004DFBB6 /* String+DateExtensions.swift */; };
		A2996D0C28B18640004DFBB6 /* OrdersListSettings.swift in Sources */ = {isa = PBXBuildFile; fileRef = A2996D0B28B18640004DFBB6 /* OrdersListSettings.swift */; };
		A2A38A8E28AEBCB000E38958 /* OrderTableViewCell.swift in Sources */ = {isa = PBXBuildFile; fileRef = A2A38A8C28AEBCB000E38958 /* OrderTableViewCell.swift */; };
		A2A38A8F28AEBCB000E38958 /* OrderTableViewCell.xib in Resources */ = {isa = PBXBuildFile; fileRef = A2A38A8D28AEBCB000E38958 /* OrderTableViewCell.xib */; };
		A2A38A9328AF067400E38958 /* AuthenticationManager.swift in Sources */ = {isa = PBXBuildFile; fileRef = A2A38A9228AF067400E38958 /* AuthenticationManager.swift */; };
		A2A38A9628AF118700E38958 /* AppSettings.swift in Sources */ = {isa = PBXBuildFile; fileRef = A2A38A9528AF118700E38958 /* AppSettings.swift */; };
		A2A38A9928AF11CD00E38958 /* User.swift in Sources */ = {isa = PBXBuildFile; fileRef = A2A38A9828AF11CD00E38958 /* User.swift */; };
		A2BC681528AD3F29003EFC28 /* AppDelegate.swift in Sources */ = {isa = PBXBuildFile; fileRef = A2BC681428AD3F29003EFC28 /* AppDelegate.swift */; };
		A2BC681728AD3F29003EFC28 /* SceneDelegate.swift in Sources */ = {isa = PBXBuildFile; fileRef = A2BC681628AD3F29003EFC28 /* SceneDelegate.swift */; };
		A2BC681928AD3F29003EFC28 /* AuthenticationVC.swift in Sources */ = {isa = PBXBuildFile; fileRef = A2BC681828AD3F29003EFC28 /* AuthenticationVC.swift */; };
		A2BC681C28AD3F29003EFC28 /* Main.storyboard in Resources */ = {isa = PBXBuildFile; fileRef = A2BC681A28AD3F29003EFC28 /* Main.storyboard */; };
		A2BC681F28AD3F29003EFC28 /* AlzuraTestCase.xcdatamodeld in Sources */ = {isa = PBXBuildFile; fileRef = A2BC681D28AD3F29003EFC28 /* AlzuraTestCase.xcdatamodeld */; };
		A2BC682128AD3F2D003EFC28 /* Assets.xcassets in Resources */ = {isa = PBXBuildFile; fileRef = A2BC682028AD3F2D003EFC28 /* Assets.xcassets */; };
		A2BC682428AD3F2D003EFC28 /* LaunchScreen.storyboard in Resources */ = {isa = PBXBuildFile; fileRef = A2BC682228AD3F2D003EFC28 /* LaunchScreen.storyboard */; };
		A2BC683228AD516B003EFC28 /* AlzuraAPIManager.swift in Sources */ = {isa = PBXBuildFile; fileRef = A2BC683128AD516B003EFC28 /* AlzuraAPIManager.swift */; };
		A2BC683528AD544D003EFC28 /* Alzura+UIColors.swift in Sources */ = {isa = PBXBuildFile; fileRef = A2BC683428AD544D003EFC28 /* Alzura+UIColors.swift */; };
		A2BC683828AD5558003EFC28 /* OrdersListVC.swift in Sources */ = {isa = PBXBuildFile; fileRef = A2BC683728AD5558003EFC28 /* OrdersListVC.swift */; };
		A2BC683C28AD5928003EFC28 /* ASStyleHeaderView.swift in Sources */ = {isa = PBXBuildFile; fileRef = A2BC683B28AD5928003EFC28 /* ASStyleHeaderView.swift */; };
		B27A006F96BD893873DF99F2 /* OrdersListModuleInteractorOutput.swift in Sources */ = {isa = PBXBuildFile; fileRef = F59638D9F8442186C6C6ED9F /* OrdersListModuleInteractorOutput.swift */; };
		CAA40A6E843913B348FDCFF6 /* OrdersListModuleRouterInput.swift in Sources */ = {isa = PBXBuildFile; fileRef = 73D9272638FABFC5765DC8FF /* OrdersListModuleRouterInput.swift */; };
		DEC867D482FE0D55238432B5 /* OrdersListModuleInteractor.swift in Sources */ = {isa = PBXBuildFile; fileRef = F356A605F2870974FEA7034D /* OrdersListModuleInteractor.swift */; };
/* End PBXBuildFile section */

/* Begin PBXFileReference section */
		282DABCCC1CADB4F0A06628C /* OrdersListModuleRouter.swift */ = {isa = PBXFileReference; includeInIndex = 1; lastKnownFileType = sourcecode.swift; path = OrdersListModuleRouter.swift; sourceTree = "<group>"; };
		3E21B4156B37ED04121119C3 /* OrdersListModuleViewController.swift */ = {isa = PBXFileReference; includeInIndex = 1; lastKnownFileType = sourcecode.swift; path = OrdersListModuleViewController.swift; sourceTree = "<group>"; };
		44BD5CE74E3DA7B0F8551BE9 /* Pods-AlzuraTestCase.debug.xcconfig */ = {isa = PBXFileReference; includeInIndex = 1; lastKnownFileType = text.xcconfig; name = "Pods-AlzuraTestCase.debug.xcconfig"; path = "Target Support Files/Pods-AlzuraTestCase/Pods-AlzuraTestCase.debug.xcconfig"; sourceTree = "<group>"; };
		46234791747E5FEE5794C8A5 /* OrdersListModuleInteractorInput.swift */ = {isa = PBXFileReference; includeInIndex = 1; lastKnownFileType = sourcecode.swift; path = OrdersListModuleInteractorInput.swift; sourceTree = "<group>"; };
		5DAC9E7718459755A6D786C0 /* OrdersListModulePresenter.swift */ = {isa = PBXFileReference; includeInIndex = 1; lastKnownFileType = sourcecode.swift; path = OrdersListModulePresenter.swift; sourceTree = "<group>"; };
		729003A0C4681754FDA8711F /* OrdersListModuleConfigurator.swift */ = {isa = PBXFileReference; includeInIndex = 1; lastKnownFileType = sourcecode.swift; path = OrdersListModuleConfigurator.swift; sourceTree = "<group>"; };
		73D9272638FABFC5765DC8FF /* OrdersListModuleRouterInput.swift */ = {isa = PBXFileReference; includeInIndex = 1; lastKnownFileType = sourcecode.swift; path = OrdersListModuleRouterInput.swift; sourceTree = "<group>"; };
		8583E0116C8F2CB6B34DD61D /* OrdersListModuleModuleInput.swift */ = {isa = PBXFileReference; includeInIndex = 1; lastKnownFileType = sourcecode.swift; path = OrdersListModuleModuleInput.swift; sourceTree = "<group>"; };
		A22DD4CB28AFC043004F2E7A /* KeychainManager.swift */ = {isa = PBXFileReference; lastKnownFileType = sourcecode.swift; path = KeychainManager.swift; sourceTree = "<group>"; };
		A22DD4CD28AFC56E004F2E7A /* UiButton+UIView+UIImageExtensions.swift */ = {isa = PBXFileReference; lastKnownFileType = sourcecode.swift; path = "UiButton+UIView+UIImageExtensions.swift"; sourceTree = "<group>"; };
		A230B4DB28B01B9200E6ABFD /* ValidationManager.swift */ = {isa = PBXFileReference; lastKnownFileType = sourcecode.swift; path = ValidationManager.swift; sourceTree = "<group>"; };
		A230B4DF28B0532600E6ABFD /* EncodableExtension.swift */ = {isa = PBXFileReference; lastKnownFileType = sourcecode.swift; path = EncodableExtension.swift; sourceTree = "<group>"; };
		A230B4E228B062F300E6ABFD /* AlertManager.swift */ = {isa = PBXFileReference; lastKnownFileType = sourcecode.swift; path = AlertManager.swift; sourceTree = "<group>"; };
		A230B4E528B06B3A00E6ABFD /* AppStyleNavigationController.swift */ = {isa = PBXFileReference; lastKnownFileType = sourcecode.swift; path = AppStyleNavigationController.swift; sourceTree = "<group>"; };
		A293694429373F860018891F /* AlzuraApiUrl.swift */ = {isa = PBXFileReference; lastKnownFileType = sourcecode.swift; path = AlzuraApiUrl.swift; sourceTree = "<group>"; };
		A2936946293740900018891F /* AlzuraApiRequest.swift */ = {isa = PBXFileReference; lastKnownFileType = sourcecode.swift; path = AlzuraApiRequest.swift; sourceTree = "<group>"; };
		A293694C29376AAA0018891F /* APIResponseCompletionHandlerError.swift */ = {isa = PBXFileReference; lastKnownFileType = sourcecode.swift; path = APIResponseCompletionHandlerError.swift; sourceTree = "<group>"; };
		A2996CFE28B13C52004DFBB6 /* SignInResponse.swift */ = {isa = PBXFileReference; lastKnownFileType = sourcecode.swift; path = SignInResponse.swift; sourceTree = "<group>"; };
		A2996D0028B14DFB004DFBB6 /* OrdersResponse.swift */ = {isa = PBXFileReference; lastKnownFileType = sourcecode.swift; path = OrdersResponse.swift; sourceTree = "<group>"; };
		A2996D0228B15556004DFBB6 /* SegueHelper.swift */ = {isa = PBXFileReference; lastKnownFileType = sourcecode.swift; path = SegueHelper.swift; sourceTree = "<group>"; };
		A2996D0528B16797004DFBB6 /* OrderModel.swift */ = {isa = PBXFileReference; lastKnownFileType = sourcecode.swift; path = OrderModel.swift; sourceTree = "<group>"; };
		A2996D0728B167E0004DFBB6 /* OrdersArrayExtension.swift */ = {isa = PBXFileReference; lastKnownFileType = sourcecode.swift; path = OrdersArrayExtension.swift; sourceTree = "<group>"; };
		A2996D0928B168BF004DFBB6 /* String+DateExtensions.swift */ = {isa = PBXFileReference; lastKnownFileType = sourcecode.swift; path = "String+DateExtensions.swift"; sourceTree = "<group>"; };
		A2996D0B28B18640004DFBB6 /* OrdersListSettings.swift */ = {isa = PBXFileReference; lastKnownFileType = sourcecode.swift; path = OrdersListSettings.swift; sourceTree = "<group>"; };
		A2A38A8C28AEBCB000E38958 /* OrderTableViewCell.swift */ = {isa = PBXFileReference; lastKnownFileType = sourcecode.swift; path = OrderTableViewCell.swift; sourceTree = "<group>"; };
		A2A38A8D28AEBCB000E38958 /* OrderTableViewCell.xib */ = {isa = PBXFileReference; lastKnownFileType = file.xib; path = OrderTableViewCell.xib; sourceTree = "<group>"; };
		A2A38A9228AF067400E38958 /* AuthenticationManager.swift */ = {isa = PBXFileReference; lastKnownFileType = sourcecode.swift; path = AuthenticationManager.swift; sourceTree = "<group>"; };
		A2A38A9528AF118700E38958 /* AppSettings.swift */ = {isa = PBXFileReference; lastKnownFileType = sourcecode.swift; path = AppSettings.swift; sourceTree = "<group>"; };
		A2A38A9828AF11CD00E38958 /* User.swift */ = {isa = PBXFileReference; lastKnownFileType = sourcecode.swift; path = User.swift; sourceTree = "<group>"; };
		A2BC681128AD3F29003EFC28 /* AlzuraTestCase.app */ = {isa = PBXFileReference; explicitFileType = wrapper.application; includeInIndex = 0; path = AlzuraTestCase.app; sourceTree = BUILT_PRODUCTS_DIR; };
		A2BC681428AD3F29003EFC28 /* AppDelegate.swift */ = {isa = PBXFileReference; lastKnownFileType = sourcecode.swift; path = AppDelegate.swift; sourceTree = "<group>"; };
		A2BC681628AD3F29003EFC28 /* SceneDelegate.swift */ = {isa = PBXFileReference; lastKnownFileType = sourcecode.swift; path = SceneDelegate.swift; sourceTree = "<group>"; };
		A2BC681828AD3F29003EFC28 /* AuthenticationVC.swift */ = {isa = PBXFileReference; lastKnownFileType = sourcecode.swift; path = AuthenticationVC.swift; sourceTree = "<group>"; };
		A2BC681B28AD3F29003EFC28 /* Base */ = {isa = PBXFileReference; lastKnownFileType = file.storyboard; name = Base; path = Base.lproj/Main.storyboard; sourceTree = "<group>"; };
		A2BC681E28AD3F29003EFC28 /* AlzuraTestCase.xcdatamodel */ = {isa = PBXFileReference; lastKnownFileType = wrapper.xcdatamodel; path = AlzuraTestCase.xcdatamodel; sourceTree = "<group>"; };
		A2BC682028AD3F2D003EFC28 /* Assets.xcassets */ = {isa = PBXFileReference; lastKnownFileType = folder.assetcatalog; path = Assets.xcassets; sourceTree = "<group>"; };
		A2BC682328AD3F2D003EFC28 /* Base */ = {isa = PBXFileReference; lastKnownFileType = file.storyboard; name = Base; path = Base.lproj/LaunchScreen.storyboard; sourceTree = "<group>"; };
		A2BC682528AD3F2D003EFC28 /* Info.plist */ = {isa = PBXFileReference; lastKnownFileType = text.plist.xml; path = Info.plist; sourceTree = "<group>"; };
		A2BC683128AD516B003EFC28 /* AlzuraAPIManager.swift */ = {isa = PBXFileReference; lastKnownFileType = sourcecode.swift; path = AlzuraAPIManager.swift; sourceTree = "<group>"; };
		A2BC683428AD544D003EFC28 /* Alzura+UIColors.swift */ = {isa = PBXFileReference; lastKnownFileType = sourcecode.swift; path = "Alzura+UIColors.swift"; sourceTree = "<group>"; };
		A2BC683728AD5558003EFC28 /* OrdersListVC.swift */ = {isa = PBXFileReference; lastKnownFileType = sourcecode.swift; path = OrdersListVC.swift; sourceTree = "<group>"; };
		A2BC683B28AD5928003EFC28 /* ASStyleHeaderView.swift */ = {isa = PBXFileReference; lastKnownFileType = sourcecode.swift; path = ASStyleHeaderView.swift; sourceTree = "<group>"; };
		D2513E6F44A003FBF274E0CC /* Pods_AlzuraTestCase.framework */ = {isa = PBXFileReference; explicitFileType = wrapper.framework; includeInIndex = 0; path = Pods_AlzuraTestCase.framework; sourceTree = BUILT_PRODUCTS_DIR; };
		E25C9B078A90083BD64F0433 /* Pods-AlzuraTestCase.release.xcconfig */ = {isa = PBXFileReference; includeInIndex = 1; lastKnownFileType = text.xcconfig; name = "Pods-AlzuraTestCase.release.xcconfig"; path = "Target Support Files/Pods-AlzuraTestCase/Pods-AlzuraTestCase.release.xcconfig"; sourceTree = "<group>"; };
		F1E904F7D417AB58E561837F /* OrdersListModuleViewInput.swift */ = {isa = PBXFileReference; includeInIndex = 1; lastKnownFileType = sourcecode.swift; path = OrdersListModuleViewInput.swift; sourceTree = "<group>"; };
		F32148263C0AC4068102CAB1 /* OrdersListModuleViewOutput.swift */ = {isa = PBXFileReference; includeInIndex = 1; lastKnownFileType = sourcecode.swift; path = OrdersListModuleViewOutput.swift; sourceTree = "<group>"; };
		F356A605F2870974FEA7034D /* OrdersListModuleInteractor.swift */ = {isa = PBXFileReference; includeInIndex = 1; lastKnownFileType = sourcecode.swift; path = OrdersListModuleInteractor.swift; sourceTree = "<group>"; };
		F59638D9F8442186C6C6ED9F /* OrdersListModuleInteractorOutput.swift */ = {isa = PBXFileReference; includeInIndex = 1; lastKnownFileType = sourcecode.swift; path = OrdersListModuleInteractorOutput.swift; sourceTree = "<group>"; };
/* End PBXFileReference section */

/* Begin PBXFrameworksBuildPhase section */
		A2BC680E28AD3F28003EFC28 /* Frameworks */ = {
			isa = PBXFrameworksBuildPhase;
			buildActionMask = 2147483647;
			files = (
				0402DC039A4BC6AEE18314F0 /* Pods_AlzuraTestCase.framework in Frameworks */,
				A293694A293745F70018891F /* Alamofire in Frameworks */,
			);
			runOnlyForDeploymentPostprocessing = 0;
		};
/* End PBXFrameworksBuildPhase section */

/* Begin PBXGroup section */
		3918248F7C3F3BC3F326A2C8 /* Frameworks */ = {
			isa = PBXGroup;
			children = (
				D2513E6F44A003FBF274E0CC /* Pods_AlzuraTestCase.framework */,
			);
			name = Frameworks;
			sourceTree = "<group>";
		};
		5C0E97C76702FB1DDD01D8FB /* Pods */ = {
			isa = PBXGroup;
			children = (
				44BD5CE74E3DA7B0F8551BE9 /* Pods-AlzuraTestCase.debug.xcconfig */,
				E25C9B078A90083BD64F0433 /* Pods-AlzuraTestCase.release.xcconfig */,
			);
			path = Pods;
			sourceTree = "<group>";
		};
		5FAF8F24F5A90C2802FC2472 /* Router */ = {
			isa = PBXGroup;
			children = (
				73D9272638FABFC5765DC8FF /* OrdersListModuleRouterInput.swift */,
				282DABCCC1CADB4F0A06628C /* OrdersListModuleRouter.swift */,
			);
			path = Router;
			sourceTree = "<group>";
		};
		63F291E541631BEB737BAAF5 /* Interactor */ = {
			isa = PBXGroup;
			children = (
				46234791747E5FEE5794C8A5 /* OrdersListModuleInteractorInput.swift */,
				F59638D9F8442186C6C6ED9F /* OrdersListModuleInteractorOutput.swift */,
				F356A605F2870974FEA7034D /* OrdersListModuleInteractor.swift */,
			);
			path = Interactor;
			sourceTree = "<group>";
		};
		96EDFC41552C303C116C64FC /* Presenter */ = {
			isa = PBXGroup;
			children = (
				8583E0116C8F2CB6B34DD61D /* OrdersListModuleModuleInput.swift */,
				5DAC9E7718459755A6D786C0 /* OrdersListModulePresenter.swift */,
			);
			path = Presenter;
			sourceTree = "<group>";
		};
		A13AB9723D392B5E71466A9F /* OrdersListModule */ = {
			isa = PBXGroup;
			children = (
				B85F757C0651483B11996266 /* View */,
				96EDFC41552C303C116C64FC /* Presenter */,
				63F291E541631BEB737BAAF5 /* Interactor */,
				5FAF8F24F5A90C2802FC2472 /* Router */,
				F2E29AE5C4581A0549B3D779 /* Configurator */,
			);
			path = OrdersListModule;
			sourceTree = "<group>";
		};
		A230B4DD28B052FF00E6ABFD /* Networking */ = {
			isa = PBXGroup;
			children = (
				A230B4DE28B0531200E6ABFD /* NetworkingExtensions */,
				A2BC682C28AD4000003EFC28 /* API */,
			);
			path = Networking;
			sourceTree = "<group>";
		};
		A230B4DE28B0531200E6ABFD /* NetworkingExtensions */ = {
			isa = PBXGroup;
			children = (
				A230B4DF28B0532600E6ABFD /* EncodableExtension.swift */,
			);
			path = NetworkingExtensions;
			sourceTree = "<group>";
		};
		A230B4E128B062DF00E6ABFD /* Helpers */ = {
			isa = PBXGroup;
			children = (
				A230B4E228B062F300E6ABFD /* AlertManager.swift */,
				A2996D0228B15556004DFBB6 /* SegueHelper.swift */,
			);
			path = Helpers;
			sourceTree = "<group>";
		};
		A230B4E428B06AED00E6ABFD /* NavigationControllers */ = {
			isa = PBXGroup;
			children = (
				A230B4E528B06B3A00E6ABFD /* AppStyleNavigationController.swift */,
			);
			path = NavigationControllers;
			sourceTree = "<group>";
		};
		A293694B29376A500018891F /* AlzuraAPICompletionHandler */ = {
			isa = PBXGroup;
			children = (
				A293694C29376AAA0018891F /* APIResponseCompletionHandlerError.swift */,
			);
			path = AlzuraAPICompletionHandler;
			sourceTree = "<group>";
		};
		A2996D0428B16785004DFBB6 /* Models */ = {
			isa = PBXGroup;
			children = (
				A2996D0528B16797004DFBB6 /* OrderModel.swift */,
				A2996D0728B167E0004DFBB6 /* OrdersArrayExtension.swift */,
			);
			path = Models;
			sourceTree = "<group>";
		};
		A2A38A9028AEBCBC00E38958 /* OrderTableViewCell */ = {
			isa = PBXGroup;
			children = (
				A2A38A8C28AEBCB000E38958 /* OrderTableViewCell.swift */,
				A2A38A8D28AEBCB000E38958 /* OrderTableViewCell.xib */,
			);
			path = OrderTableViewCell;
			sourceTree = "<group>";
		};
		A2A38A9128AF065200E38958 /* AuthenticationServices */ = {
			isa = PBXGroup;
			children = (
				A2A38A9728AF11BC00E38958 /* Models */,
				A2A38A9428AF102700E38958 /* KeychainServices */,
				A2A38A9228AF067400E38958 /* AuthenticationManager.swift */,
				A230B4DB28B01B9200E6ABFD /* ValidationManager.swift */,
			);
			path = AuthenticationServices;
			sourceTree = "<group>";
		};
		A2A38A9428AF102700E38958 /* KeychainServices */ = {
			isa = PBXGroup;
			children = (
				A22DD4CB28AFC043004F2E7A /* KeychainManager.swift */,
			);
			path = KeychainServices;
			sourceTree = "<group>";
		};
		A2A38A9728AF11BC00E38958 /* Models */ = {
			isa = PBXGroup;
			children = (
				A2A38A9828AF11CD00E38958 /* User.swift */,
			);
			path = Models;
			sourceTree = "<group>";
		};
		A2BC680828AD3F28003EFC28 = {
			isa = PBXGroup;
			children = (
				A2BC681328AD3F29003EFC28 /* AlzuraTestCase */,
				A2BC681228AD3F29003EFC28 /* Products */,
				5C0E97C76702FB1DDD01D8FB /* Pods */,
				3918248F7C3F3BC3F326A2C8 /* Frameworks */,
			);
			sourceTree = "<group>";
		};
		A2BC681228AD3F29003EFC28 /* Products */ = {
			isa = PBXGroup;
			children = (
				A2BC681128AD3F29003EFC28 /* AlzuraTestCase.app */,
			);
			name = Products;
			sourceTree = "<group>";
		};
		A2BC681328AD3F29003EFC28 /* AlzuraTestCase */ = {
			isa = PBXGroup;
			children = (
				A230B4E428B06AED00E6ABFD /* NavigationControllers */,
				A230B4DD28B052FF00E6ABFD /* Networking */,
				A2A38A9128AF065200E38958 /* AuthenticationServices */,
				A2BC683628AD553C003EFC28 /* OrdersListScene */,
				A2BC682E28AD4082003EFC28 /* Application */,
				A2BC682D28AD4009003EFC28 /* Resources */,
				A2BC682B28AD3FEE003EFC28 /* AuthenticationScene */,
				A2BC681A28AD3F29003EFC28 /* Main.storyboard */,
				A2BC681D28AD3F29003EFC28 /* AlzuraTestCase.xcdatamodeld */,
				A13AB9723D392B5E71466A9F /* OrdersListModule */,
			);
			path = AlzuraTestCase;
			sourceTree = "<group>";
		};
		A2BC682B28AD3FEE003EFC28 /* AuthenticationScene */ = {
			isa = PBXGroup;
			children = (
				A2BC681828AD3F29003EFC28 /* AuthenticationVC.swift */,
			);
			path = AuthenticationScene;
			sourceTree = "<group>";
		};
		A2BC682C28AD4000003EFC28 /* API */ = {
			isa = PBXGroup;
			children = (
				A2BC683028AD4163003EFC28 /* Services */,
				A2BC682F28AD415D003EFC28 /* Models */,
			);
			path = API;
			sourceTree = "<group>";
		};
		A2BC682D28AD4009003EFC28 /* Resources */ = {
			isa = PBXGroup;
			children = (
				A230B4E128B062DF00E6ABFD /* Helpers */,
				A2BC683A28AD58F5003EFC28 /* CustomViews */,
				A2BC683328AD5439003EFC28 /* Extensions */,
				A2BC682028AD3F2D003EFC28 /* Assets.xcassets */,
				A2BC682228AD3F2D003EFC28 /* LaunchScreen.storyboard */,
				A2BC682528AD3F2D003EFC28 /* Info.plist */,
			);
			path = Resources;
			sourceTree = "<group>";
		};
		A2BC682E28AD4082003EFC28 /* Application */ = {
			isa = PBXGroup;
			children = (
				A2BC681428AD3F29003EFC28 /* AppDelegate.swift */,
				A2BC681628AD3F29003EFC28 /* SceneDelegate.swift */,
				A2A38A9528AF118700E38958 /* AppSettings.swift */,
			);
			path = Application;
			sourceTree = "<group>";
		};
		A2BC682F28AD415D003EFC28 /* Models */ = {
			isa = PBXGroup;
			children = (
				A2996CFE28B13C52004DFBB6 /* SignInResponse.swift */,
				A2996D0028B14DFB004DFBB6 /* OrdersResponse.swift */,
			);
			path = Models;
			sourceTree = "<group>";
		};
		A2BC683028AD4163003EFC28 /* Services */ = {
			isa = PBXGroup;
			children = (
				A293694B29376A500018891F /* AlzuraAPICompletionHandler */,
				A2BC683128AD516B003EFC28 /* AlzuraAPIManager.swift */,
				A293694429373F860018891F /* AlzuraApiUrl.swift */,
				A2936946293740900018891F /* AlzuraApiRequest.swift */,
			);
			path = Services;
			sourceTree = "<group>";
		};
		A2BC683328AD5439003EFC28 /* Extensions */ = {
			isa = PBXGroup;
			children = (
				A2BC683428AD544D003EFC28 /* Alzura+UIColors.swift */,
				A22DD4CD28AFC56E004F2E7A /* UiButton+UIView+UIImageExtensions.swift */,
				A2996D0928B168BF004DFBB6 /* String+DateExtensions.swift */,
			);
			path = Extensions;
			sourceTree = "<group>";
		};
		A2BC683628AD553C003EFC28 /* OrdersListScene */ = {
			isa = PBXGroup;
			children = (
				A2996D0428B16785004DFBB6 /* Models */,
				A2BC683928AD5897003EFC28 /* TableView */,
				A2BC683728AD5558003EFC28 /* OrdersListVC.swift */,
			);
			path = OrdersListScene;
			sourceTree = "<group>";
		};
		A2BC683928AD5897003EFC28 /* TableView */ = {
			isa = PBXGroup;
			children = (
				A2A38A9028AEBCBC00E38958 /* OrderTableViewCell */,
				A2996D0B28B18640004DFBB6 /* OrdersListSettings.swift */,
			);
			path = TableView;
			sourceTree = "<group>";
		};
		A2BC683A28AD58F5003EFC28 /* CustomViews */ = {
			isa = PBXGroup;
			children = (
				A2BC683B28AD5928003EFC28 /* ASStyleHeaderView.swift */,
			);
			path = CustomViews;
			sourceTree = "<group>";
		};
		B85F757C0651483B11996266 /* View */ = {
			isa = PBXGroup;
			children = (
				F1E904F7D417AB58E561837F /* OrdersListModuleViewInput.swift */,
				F32148263C0AC4068102CAB1 /* OrdersListModuleViewOutput.swift */,
				3E21B4156B37ED04121119C3 /* OrdersListModuleViewController.swift */,
			);
			path = View;
			sourceTree = "<group>";
		};
		F2E29AE5C4581A0549B3D779 /* Configurator */ = {
			isa = PBXGroup;
			children = (
				729003A0C4681754FDA8711F /* OrdersListModuleConfigurator.swift */,
			);
			path = Configurator;
			sourceTree = "<group>";
		};
/* End PBXGroup section */

/* Begin PBXNativeTarget section */
		A2BC681028AD3F28003EFC28 /* AlzuraTestCase */ = {
			isa = PBXNativeTarget;
			buildConfigurationList = A2BC682828AD3F2D003EFC28 /* Build configuration list for PBXNativeTarget "AlzuraTestCase" */;
			buildPhases = (
				8D84C42EF14AD23F5B25390C /* [CP] Check Pods Manifest.lock */,
				A2BC680D28AD3F28003EFC28 /* Sources */,
				A2BC680E28AD3F28003EFC28 /* Frameworks */,
				A2BC680F28AD3F28003EFC28 /* Resources */,
				3906D8B1B430B1C0295F6E14 /* [CP] Embed Pods Frameworks */,
			);
			buildRules = (
			);
			dependencies = (
			);
			name = AlzuraTestCase;
			packageProductDependencies = (
				A2936949293745F70018891F /* Alamofire */,
			);
			productName = AlzuraTestCase;
			productReference = A2BC681128AD3F29003EFC28 /* AlzuraTestCase.app */;
			productType = "com.apple.product-type.application";
		};
/* End PBXNativeTarget section */

/* Begin PBXProject section */
		A2BC680928AD3F28003EFC28 /* Project object */ = {
			isa = PBXProject;
			attributes = {
				BuildIndependentTargetsInParallel = 1;
				LastSwiftUpdateCheck = 1340;
				LastUpgradeCheck = 1340;
				TargetAttributes = {
					A2BC681028AD3F28003EFC28 = {
						CreatedOnToolsVersion = 13.4.1;
					};
				};
			};
			buildConfigurationList = A2BC680C28AD3F28003EFC28 /* Build configuration list for PBXProject "AlzuraTestCase" */;
			compatibilityVersion = "Xcode 13.0";
			developmentRegion = en;
			hasScannedForEncodings = 0;
			knownRegions = (
				en,
				Base,
			);
			mainGroup = A2BC680828AD3F28003EFC28;
			packageReferences = (
				A2936948293745F70018891F /* XCRemoteSwiftPackageReference "Alamofire" */,
			);
			productRefGroup = A2BC681228AD3F29003EFC28 /* Products */;
			projectDirPath = "";
			projectRoot = "";
			targets = (
				A2BC681028AD3F28003EFC28 /* AlzuraTestCase */,
			);
		};
/* End PBXProject section */

/* Begin PBXResourcesBuildPhase section */
		A2BC680F28AD3F28003EFC28 /* Resources */ = {
			isa = PBXResourcesBuildPhase;
			buildActionMask = 2147483647;
			files = (
				A2BC682428AD3F2D003EFC28 /* LaunchScreen.storyboard in Resources */,
				A2BC682128AD3F2D003EFC28 /* Assets.xcassets in Resources */,
				A2A38A8F28AEBCB000E38958 /* OrderTableViewCell.xib in Resources */,
				A2BC681C28AD3F29003EFC28 /* Main.storyboard in Resources */,
			);
			runOnlyForDeploymentPostprocessing = 0;
		};
/* End PBXResourcesBuildPhase section */

/* Begin PBXShellScriptBuildPhase section */
		3906D8B1B430B1C0295F6E14 /* [CP] Embed Pods Frameworks */ = {
			isa = PBXShellScriptBuildPhase;
			buildActionMask = 2147483647;
			files = (
			);
			inputFileListPaths = (
				"${PODS_ROOT}/Target Support Files/Pods-AlzuraTestCase/Pods-AlzuraTestCase-frameworks-${CONFIGURATION}-input-files.xcfilelist",
			);
			name = "[CP] Embed Pods Frameworks";
			outputFileListPaths = (
				"${PODS_ROOT}/Target Support Files/Pods-AlzuraTestCase/Pods-AlzuraTestCase-frameworks-${CONFIGURATION}-output-files.xcfilelist",
			);
			runOnlyForDeploymentPostprocessing = 0;
			shellPath = /bin/sh;
			shellScript = "\"${PODS_ROOT}/Target Support Files/Pods-AlzuraTestCase/Pods-AlzuraTestCase-frameworks.sh\"\n";
			showEnvVarsInLog = 0;
		};
		8D84C42EF14AD23F5B25390C /* [CP] Check Pods Manifest.lock */ = {
			isa = PBXShellScriptBuildPhase;
			buildActionMask = 2147483647;
			files = (
			);
			inputFileListPaths = (
			);
			inputPaths = (
				"${PODS_PODFILE_DIR_PATH}/Podfile.lock",
				"${PODS_ROOT}/Manifest.lock",
			);
			name = "[CP] Check Pods Manifest.lock";
			outputFileListPaths = (
			);
			outputPaths = (
				"$(DERIVED_FILE_DIR)/Pods-AlzuraTestCase-checkManifestLockResult.txt",
			);
			runOnlyForDeploymentPostprocessing = 0;
			shellPath = /bin/sh;
			shellScript = "diff \"${PODS_PODFILE_DIR_PATH}/Podfile.lock\" \"${PODS_ROOT}/Manifest.lock\" > /dev/null\nif [ $? != 0 ] ; then\n    # print error to STDERR\n    echo \"error: The sandbox is not in sync with the Podfile.lock. Run 'pod install' or update your CocoaPods installation.\" >&2\n    exit 1\nfi\n# This output is used by Xcode 'outputs' to avoid re-running this script phase.\necho \"SUCCESS\" > \"${SCRIPT_OUTPUT_FILE_0}\"\n";
			showEnvVarsInLog = 0;
		};
/* End PBXShellScriptBuildPhase section */

/* Begin PBXSourcesBuildPhase section */
		A2BC680D28AD3F28003EFC28 /* Sources */ = {
			isa = PBXSourcesBuildPhase;
			buildActionMask = 2147483647;
			files = (
				A230B4DC28B01B9200E6ABFD /* ValidationManager.swift in Sources */,
				A230B4E328B062F300E6ABFD /* AlertManager.swift in Sources */,
				A2996CFF28B13C53004DFBB6 /* SignInResponse.swift in Sources */,
				A22DD4CC28AFC043004F2E7A /* KeychainManager.swift in Sources */,
				A2BC683228AD516B003EFC28 /* AlzuraAPIManager.swift in Sources */,
				A22DD4CE28AFC56E004F2E7A /* UiButton+UIView+UIImageExtensions.swift in Sources */,
				A2BC681928AD3F29003EFC28 /* AuthenticationVC.swift in Sources */,
				A230B4E628B06B3A00E6ABFD /* AppStyleNavigationController.swift in Sources */,
				A2BC681528AD3F29003EFC28 /* AppDelegate.swift in Sources */,
				A2936947293740900018891F /* AlzuraApiRequest.swift in Sources */,
				A293694D29376AAA0018891F /* APIResponseCompletionHandlerError.swift in Sources */,
				A2A38A9328AF067400E38958 /* AuthenticationManager.swift in Sources */,
				A2BC681F28AD3F29003EFC28 /* AlzuraTestCase.xcdatamodeld in Sources */,
				A2BC683828AD5558003EFC28 /* OrdersListVC.swift in Sources */,
				A2996D0328B15556004DFBB6 /* SegueHelper.swift in Sources */,
				A2BC683528AD544D003EFC28 /* Alzura+UIColors.swift in Sources */,
				A2996D0A28B168BF004DFBB6 /* String+DateExtensions.swift in Sources */,
				A2996D0828B167E0004DFBB6 /* OrdersArrayExtension.swift in Sources */,
				A2A38A9628AF118700E38958 /* AppSettings.swift in Sources */,
				A2A38A9928AF11CD00E38958 /* User.swift in Sources */,
				A2996D0C28B18640004DFBB6 /* OrdersListSettings.swift in Sources */,
				A2A38A8E28AEBCB000E38958 /* OrderTableViewCell.swift in Sources */,
				A230B4E028B0532600E6ABFD /* EncodableExtension.swift in Sources */,
				A2996D0128B14DFB004DFBB6 /* OrdersResponse.swift in Sources */,
				A2BC681728AD3F29003EFC28 /* SceneDelegate.swift in Sources */,
				A2996D0628B16797004DFBB6 /* OrderModel.swift in Sources */,
				A2BC683C28AD5928003EFC28 /* ASStyleHeaderView.swift in Sources */,
				5FCA6775CC1472F6A9363DE4 /* OrdersListModuleViewInput.swift in Sources */,
				77972A4D524B99A84A206585 /* OrdersListModuleViewOutput.swift in Sources */,
				829BBEF022BA6A6D23EC22EB /* OrdersListModuleViewController.swift in Sources */,
				588703D89645B221A6CC0851 /* OrdersListModuleModuleInput.swift in Sources */,
				6AB0F517EE3480EA48C29BE3 /* OrdersListModulePresenter.swift in Sources */,
				38209076ED11708C823C50B4 /* OrdersListModuleInteractorInput.swift in Sources */,
				B27A006F96BD893873DF99F2 /* OrdersListModuleInteractorOutput.swift in Sources */,
				DEC867D482FE0D55238432B5 /* OrdersListModuleInteractor.swift in Sources */,
				CAA40A6E843913B348FDCFF6 /* OrdersListModuleRouterInput.swift in Sources */,
				57470F41F484ADBABDE84900 /* OrdersListModuleRouter.swift in Sources */,
				A293694529373F860018891F /* AlzuraApiUrl.swift in Sources */,
				6819953D372F05EC99D97DAB /* OrdersListModuleConfigurator.swift in Sources */,
			);
			runOnlyForDeploymentPostprocessing = 0;
		};
/* End PBXSourcesBuildPhase section */

/* Begin PBXVariantGroup section */
		A2BC681A28AD3F29003EFC28 /* Main.storyboard */ = {
			isa = PBXVariantGroup;
			children = (
				A2BC681B28AD3F29003EFC28 /* Base */,
			);
			name = Main.storyboard;
			sourceTree = "<group>";
		};
		A2BC682228AD3F2D003EFC28 /* LaunchScreen.storyboard */ = {
			isa = PBXVariantGroup;
			children = (
				A2BC682328AD3F2D003EFC28 /* Base */,
			);
			name = LaunchScreen.storyboard;
			sourceTree = "<group>";
		};
/* End PBXVariantGroup section */

/* Begin XCBuildConfiguration section */
		A2BC682628AD3F2D003EFC28 /* Debug */ = {
			isa = XCBuildConfiguration;
			buildSettings = {
				ALWAYS_SEARCH_USER_PATHS = NO;
				CLANG_ANALYZER_NONNULL = YES;
				CLANG_ANALYZER_NUMBER_OBJECT_CONVERSION = YES_AGGRESSIVE;
				CLANG_CXX_LANGUAGE_STANDARD = "gnu++17";
				CLANG_ENABLE_MODULES = YES;
				CLANG_ENABLE_OBJC_ARC = YES;
				CLANG_ENABLE_OBJC_WEAK = YES;
				CLANG_WARN_BLOCK_CAPTURE_AUTORELEASING = YES;
				CLANG_WARN_BOOL_CONVERSION = YES;
				CLANG_WARN_COMMA = YES;
				CLANG_WARN_CONSTANT_CONVERSION = YES;
				CLANG_WARN_DEPRECATED_OBJC_IMPLEMENTATIONS = YES;
				CLANG_WARN_DIRECT_OBJC_ISA_USAGE = YES_ERROR;
				CLANG_WARN_DOCUMENTATION_COMMENTS = YES;
				CLANG_WARN_EMPTY_BODY = YES;
				CLANG_WARN_ENUM_CONVERSION = YES;
				CLANG_WARN_INFINITE_RECURSION = YES;
				CLANG_WARN_INT_CONVERSION = YES;
				CLANG_WARN_NON_LITERAL_NULL_CONVERSION = YES;
				CLANG_WARN_OBJC_IMPLICIT_RETAIN_SELF = YES;
				CLANG_WARN_OBJC_LITERAL_CONVERSION = YES;
				CLANG_WARN_OBJC_ROOT_CLASS = YES_ERROR;
				CLANG_WARN_QUOTED_INCLUDE_IN_FRAMEWORK_HEADER = YES;
				CLANG_WARN_RANGE_LOOP_ANALYSIS = YES;
				CLANG_WARN_STRICT_PROTOTYPES = YES;
				CLANG_WARN_SUSPICIOUS_MOVE = YES;
				CLANG_WARN_UNGUARDED_AVAILABILITY = YES_AGGRESSIVE;
				CLANG_WARN_UNREACHABLE_CODE = YES;
				CLANG_WARN__DUPLICATE_METHOD_MATCH = YES;
				COPY_PHASE_STRIP = NO;
				DEBUG_INFORMATION_FORMAT = dwarf;
				ENABLE_STRICT_OBJC_MSGSEND = YES;
				ENABLE_TESTABILITY = YES;
				GCC_C_LANGUAGE_STANDARD = gnu11;
				GCC_DYNAMIC_NO_PIC = NO;
				GCC_NO_COMMON_BLOCKS = YES;
				GCC_OPTIMIZATION_LEVEL = 0;
				GCC_PREPROCESSOR_DEFINITIONS = (
					"DEBUG=1",
					"$(inherited)",
				);
				GCC_WARN_64_TO_32_BIT_CONVERSION = YES;
				GCC_WARN_ABOUT_RETURN_TYPE = YES_ERROR;
				GCC_WARN_UNDECLARED_SELECTOR = YES;
				GCC_WARN_UNINITIALIZED_AUTOS = YES_AGGRESSIVE;
				GCC_WARN_UNUSED_FUNCTION = YES;
				GCC_WARN_UNUSED_VARIABLE = YES;
				IPHONEOS_DEPLOYMENT_TARGET = 13.0;
				MTL_ENABLE_DEBUG_INFO = INCLUDE_SOURCE;
				MTL_FAST_MATH = YES;
				ONLY_ACTIVE_ARCH = YES;
				SDKROOT = iphoneos;
				SWIFT_ACTIVE_COMPILATION_CONDITIONS = DEBUG;
				SWIFT_OPTIMIZATION_LEVEL = "-Onone";
			};
			name = Debug;
		};
		A2BC682728AD3F2D003EFC28 /* Release */ = {
			isa = XCBuildConfiguration;
			buildSettings = {
				ALWAYS_SEARCH_USER_PATHS = NO;
				CLANG_ANALYZER_NONNULL = YES;
				CLANG_ANALYZER_NUMBER_OBJECT_CONVERSION = YES_AGGRESSIVE;
				CLANG_CXX_LANGUAGE_STANDARD = "gnu++17";
				CLANG_ENABLE_MODULES = YES;
				CLANG_ENABLE_OBJC_ARC = YES;
				CLANG_ENABLE_OBJC_WEAK = YES;
				CLANG_WARN_BLOCK_CAPTURE_AUTORELEASING = YES;
				CLANG_WARN_BOOL_CONVERSION = YES;
				CLANG_WARN_COMMA = YES;
				CLANG_WARN_CONSTANT_CONVERSION = YES;
				CLANG_WARN_DEPRECATED_OBJC_IMPLEMENTATIONS = YES;
				CLANG_WARN_DIRECT_OBJC_ISA_USAGE = YES_ERROR;
				CLANG_WARN_DOCUMENTATION_COMMENTS = YES;
				CLANG_WARN_EMPTY_BODY = YES;
				CLANG_WARN_ENUM_CONVERSION = YES;
				CLANG_WARN_INFINITE_RECURSION = YES;
				CLANG_WARN_INT_CONVERSION = YES;
				CLANG_WARN_NON_LITERAL_NULL_CONVERSION = YES;
				CLANG_WARN_OBJC_IMPLICIT_RETAIN_SELF = YES;
				CLANG_WARN_OBJC_LITERAL_CONVERSION = YES;
				CLANG_WARN_OBJC_ROOT_CLASS = YES_ERROR;
				CLANG_WARN_QUOTED_INCLUDE_IN_FRAMEWORK_HEADER = YES;
				CLANG_WARN_RANGE_LOOP_ANALYSIS = YES;
				CLANG_WARN_STRICT_PROTOTYPES = YES;
				CLANG_WARN_SUSPICIOUS_MOVE = YES;
				CLANG_WARN_UNGUARDED_AVAILABILITY = YES_AGGRESSIVE;
				CLANG_WARN_UNREACHABLE_CODE = YES;
				CLANG_WARN__DUPLICATE_METHOD_MATCH = YES;
				COPY_PHASE_STRIP = NO;
				DEBUG_INFORMATION_FORMAT = "dwarf-with-dsym";
				ENABLE_NS_ASSERTIONS = NO;
				ENABLE_STRICT_OBJC_MSGSEND = YES;
				GCC_C_LANGUAGE_STANDARD = gnu11;
				GCC_NO_COMMON_BLOCKS = YES;
				GCC_WARN_64_TO_32_BIT_CONVERSION = YES;
				GCC_WARN_ABOUT_RETURN_TYPE = YES_ERROR;
				GCC_WARN_UNDECLARED_SELECTOR = YES;
				GCC_WARN_UNINITIALIZED_AUTOS = YES_AGGRESSIVE;
				GCC_WARN_UNUSED_FUNCTION = YES;
				GCC_WARN_UNUSED_VARIABLE = YES;
				IPHONEOS_DEPLOYMENT_TARGET = 13.0;
				MTL_ENABLE_DEBUG_INFO = NO;
				MTL_FAST_MATH = YES;
				SDKROOT = iphoneos;
				SWIFT_COMPILATION_MODE = wholemodule;
				SWIFT_OPTIMIZATION_LEVEL = "-O";
				VALIDATE_PRODUCT = YES;
			};
			name = Release;
		};
		A2BC682928AD3F2D003EFC28 /* Debug */ = {
			isa = XCBuildConfiguration;
			baseConfigurationReference = 44BD5CE74E3DA7B0F8551BE9 /* Pods-AlzuraTestCase.debug.xcconfig */;
			buildSettings = {
				ASSETCATALOG_COMPILER_APPICON_NAME = AppIcon;
				ASSETCATALOG_COMPILER_GLOBAL_ACCENT_COLOR_NAME = AccentColor;
				CODE_SIGN_STYLE = Automatic;
				CURRENT_PROJECT_VERSION = 1;
				DEVELOPMENT_TEAM = 4CV999C7WN;
				GENERATE_INFOPLIST_FILE = YES;
				INFOPLIST_FILE = AlzuraTestCase/Resources/Info.plist;
				INFOPLIST_KEY_UIApplicationSupportsIndirectInputEvents = YES;
				INFOPLIST_KEY_UILaunchStoryboardName = LaunchScreen;
				INFOPLIST_KEY_UIMainStoryboardFile = Main;
				INFOPLIST_KEY_UISupportedInterfaceOrientations_iPad = "UIInterfaceOrientationPortrait UIInterfaceOrientationPortraitUpsideDown UIInterfaceOrientationLandscapeLeft UIInterfaceOrientationLandscapeRight";
				INFOPLIST_KEY_UISupportedInterfaceOrientations_iPhone = "UIInterfaceOrientationPortrait UIInterfaceOrientationLandscapeLeft UIInterfaceOrientationLandscapeRight";
				IPHONEOS_DEPLOYMENT_TARGET = 13.0;
				LD_RUNPATH_SEARCH_PATHS = (
					"$(inherited)",
					"@executable_path/Frameworks",
				);
				MARKETING_VERSION = 1.0;
				PRODUCT_BUNDLE_IDENTIFIER = IK.AlzuraTestCase;
				PRODUCT_NAME = "$(TARGET_NAME)";
				SWIFT_EMIT_LOC_STRINGS = YES;
				SWIFT_VERSION = 5.0;
				TARGETED_DEVICE_FAMILY = "1,2";
			};
			name = Debug;
		};
		A2BC682A28AD3F2D003EFC28 /* Release */ = {
			isa = XCBuildConfiguration;
			baseConfigurationReference = E25C9B078A90083BD64F0433 /* Pods-AlzuraTestCase.release.xcconfig */;
			buildSettings = {
				ASSETCATALOG_COMPILER_APPICON_NAME = AppIcon;
				ASSETCATALOG_COMPILER_GLOBAL_ACCENT_COLOR_NAME = AccentColor;
				CODE_SIGN_STYLE = Automatic;
				CURRENT_PROJECT_VERSION = 1;
				DEVELOPMENT_TEAM = 4CV999C7WN;
				GENERATE_INFOPLIST_FILE = YES;
				INFOPLIST_FILE = AlzuraTestCase/Resources/Info.plist;
				INFOPLIST_KEY_UIApplicationSupportsIndirectInputEvents = YES;
				INFOPLIST_KEY_UILaunchStoryboardName = LaunchScreen;
				INFOPLIST_KEY_UIMainStoryboardFile = Main;
				INFOPLIST_KEY_UISupportedInterfaceOrientations_iPad = "UIInterfaceOrientationPortrait UIInterfaceOrientationPortraitUpsideDown UIInterfaceOrientationLandscapeLeft UIInterfaceOrientationLandscapeRight";
				INFOPLIST_KEY_UISupportedInterfaceOrientations_iPhone = "UIInterfaceOrientationPortrait UIInterfaceOrientationLandscapeLeft UIInterfaceOrientationLandscapeRight";
				IPHONEOS_DEPLOYMENT_TARGET = 13.0;
				LD_RUNPATH_SEARCH_PATHS = (
					"$(inherited)",
					"@executable_path/Frameworks",
				);
				MARKETING_VERSION = 1.0;
				PRODUCT_BUNDLE_IDENTIFIER = IK.AlzuraTestCase;
				PRODUCT_NAME = "$(TARGET_NAME)";
				SWIFT_EMIT_LOC_STRINGS = YES;
				SWIFT_VERSION = 5.0;
				TARGETED_DEVICE_FAMILY = "1,2";
			};
			name = Release;
		};
/* End XCBuildConfiguration section */

/* Begin XCConfigurationList section */
		A2BC680C28AD3F28003EFC28 /* Build configuration list for PBXProject "AlzuraTestCase" */ = {
			isa = XCConfigurationList;
			buildConfigurations = (
				A2BC682628AD3F2D003EFC28 /* Debug */,
				A2BC682728AD3F2D003EFC28 /* Release */,
			);
			defaultConfigurationIsVisible = 0;
			defaultConfigurationName = Release;
		};
		A2BC682828AD3F2D003EFC28 /* Build configuration list for PBXNativeTarget "AlzuraTestCase" */ = {
			isa = XCConfigurationList;
			buildConfigurations = (
				A2BC682928AD3F2D003EFC28 /* Debug */,
				A2BC682A28AD3F2D003EFC28 /* Release */,
			);
			defaultConfigurationIsVisible = 0;
			defaultConfigurationName = Release;
		};
/* End XCConfigurationList section */

/* Begin XCRemoteSwiftPackageReference section */
		A2936948293745F70018891F /* XCRemoteSwiftPackageReference "Alamofire" */ = {
			isa = XCRemoteSwiftPackageReference;
			repositoryURL = "https://github.com/Alamofire/Alamofire";
			requirement = {
				kind = upToNextMajorVersion;
				minimumVersion = 5.0.0;
			};
		};
/* End XCRemoteSwiftPackageReference section */

/* Begin XCSwiftPackageProductDependency section */
		A2936949293745F70018891F /* Alamofire */ = {
			isa = XCSwiftPackageProductDependency;
			package = A2936948293745F70018891F /* XCRemoteSwiftPackageReference "Alamofire" */;
			productName = Alamofire;
		};
/* End XCSwiftPackageProductDependency section */

/* Begin XCVersionGroup section */
		A2BC681D28AD3F29003EFC28 /* AlzuraTestCase.xcdatamodeld */ = {
			isa = XCVersionGroup;
			children = (
				A2BC681E28AD3F29003EFC28 /* AlzuraTestCase.xcdatamodel */,
			);
			currentVersion = A2BC681E28AD3F29003EFC28 /* AlzuraTestCase.xcdatamodel */;
			path = AlzuraTestCase.xcdatamodeld;
			sourceTree = "<group>";
			versionGroupType = wrapper.xcdatamodel;
		};
/* End XCVersionGroup section */
	};
	rootObject = A2BC680928AD3F28003EFC28 /* Project object */;
}
